// !$*UTF8*$!
{
	archiveVersion = 1;
	classes = {
	};
	objectVersion = 46;
	objects = {

/* Begin PBXBuildFile section */
		9CA944D116F8457F00D26C99 /* UIKit.framework in Frameworks */ = {isa = PBXBuildFile; fileRef = 9CA944D016F8457F00D26C99 /* UIKit.framework */; };
		9CA944D316F8457F00D26C99 /* Foundation.framework in Frameworks */ = {isa = PBXBuildFile; fileRef = 9CA944D216F8457F00D26C99 /* Foundation.framework */; };
		9CA944D516F8457F00D26C99 /* CoreGraphics.framework in Frameworks */ = {isa = PBXBuildFile; fileRef = 9CA944D416F8457F00D26C99 /* CoreGraphics.framework */; };
		9CA944DB16F8457F00D26C99 /* InfoPlist.strings in Resources */ = {isa = PBXBuildFile; fileRef = 9CA944D916F8457F00D26C99 /* InfoPlist.strings */; };
		9CA944DD16F8457F00D26C99 /* main.m in Sources */ = {isa = PBXBuildFile; fileRef = 9CA944DC16F8457F00D26C99 /* main.m */; };
		9CA944E116F8457F00D26C99 /* MLAppDelegate.m in Sources */ = {isa = PBXBuildFile; fileRef = 9CA944E016F8457F00D26C99 /* MLAppDelegate.m */; };
		9CA944E316F8457F00D26C99 /* Default.png in Resources */ = {isa = PBXBuildFile; fileRef = 9CA944E216F8457F00D26C99 /* Default.png */; };
		9CA944E516F8457F00D26C99 /* Default@2x.png in Resources */ = {isa = PBXBuildFile; fileRef = 9CA944E416F8457F00D26C99 /* Default@2x.png */; };
		9CA944E716F8457F00D26C99 /* Default-568h@2x.png in Resources */ = {isa = PBXBuildFile; fileRef = 9CA944E616F8457F00D26C99 /* Default-568h@2x.png */; };
/* End PBXBuildFile section */

/* Begin PBXFileReference section */
		9CA944CD16F8457F00D26C99 /* Molearn.app */ = {isa = PBXFileReference; explicitFileType = wrapper.application; includeInIndex = 0; path = Molearn.app; sourceTree = BUILT_PRODUCTS_DIR; };
		9CA944D016F8457F00D26C99 /* UIKit.framework */ = {isa = PBXFileReference; lastKnownFileType = wrapper.framework; name = UIKit.framework; path = System/Library/Frameworks/UIKit.framework; sourceTree = SDKROOT; };
		9CA944D216F8457F00D26C99 /* Foundation.framework */ = {isa = PBXFileReference; lastKnownFileType = wrapper.framework; name = Foundation.framework; path = System/Library/Frameworks/Foundation.framework; sourceTree = SDKROOT; };
		9CA944D416F8457F00D26C99 /* CoreGraphics.framework */ = {isa = PBXFileReference; lastKnownFileType = wrapper.framework; name = CoreGraphics.framework; path = System/Library/Frameworks/CoreGraphics.framework; sourceTree = SDKROOT; };
		9CA944D816F8457F00D26C99 /* Molearn-Info.plist */ = {isa = PBXFileReference; lastKnownFileType = text.plist.xml; path = "Molearn-Info.plist"; sourceTree = "<group>"; };
		9CA944DA16F8457F00D26C99 /* en */ = {isa = PBXFileReference; lastKnownFileType = text.plist.strings; name = en; path = en.lproj/InfoPlist.strings; sourceTree = "<group>"; };
		9CA944DC16F8457F00D26C99 /* main.m */ = {isa = PBXFileReference; lastKnownFileType = sourcecode.c.objc; path = main.m; sourceTree = "<group>"; };
		9CA944DE16F8457F00D26C99 /* Molearn-Prefix.pch */ = {isa = PBXFileReference; lastKnownFileType = sourcecode.c.h; path = "Molearn-Prefix.pch"; sourceTree = "<group>"; };
		9CA944DF16F8457F00D26C99 /* MLAppDelegate.h */ = {isa = PBXFileReference; lastKnownFileType = sourcecode.c.h; path = MLAppDelegate.h; sourceTree = "<group>"; };
		9CA944E016F8457F00D26C99 /* MLAppDelegate.m */ = {isa = PBXFileReference; lastKnownFileType = sourcecode.c.objc; path = MLAppDelegate.m; sourceTree = "<group>"; };
		9CA944E216F8457F00D26C99 /* Default.png */ = {isa = PBXFileReference; lastKnownFileType = image.png; path = Default.png; sourceTree = "<group>"; };
		9CA944E416F8457F00D26C99 /* Default@2x.png */ = {isa = PBXFileReference; lastKnownFileType = image.png; path = "Default@2x.png"; sourceTree = "<group>"; };
		9CA944E616F8457F00D26C99 /* Default-568h@2x.png */ = {isa = PBXFileReference; lastKnownFileType = image.png; path = "Default-568h@2x.png"; sourceTree = "<group>"; };
/* End PBXFileReference section */

/* Begin PBXFrameworksBuildPhase section */
		9CA944CA16F8457F00D26C99 /* Frameworks */ = {
			isa = PBXFrameworksBuildPhase;
			buildActionMask = 2147483647;
			files = (
				9CA944D116F8457F00D26C99 /* UIKit.framework in Frameworks */,
				9CA944D316F8457F00D26C99 /* Foundation.framework in Frameworks */,
				9CA944D516F8457F00D26C99 /* CoreGraphics.framework in Frameworks */,
			);
			runOnlyForDeploymentPostprocessing = 0;
		};
/* End PBXFrameworksBuildPhase section */

/* Begin PBXGroup section */
		9CA944C416F8457F00D26C99 = {
			isa = PBXGroup;
			children = (
				9CA944D616F8457F00D26C99 /* Molearn */,
				9CA944CF16F8457F00D26C99 /* Frameworks */,
				9CA944CE16F8457F00D26C99 /* Products */,
			);
			sourceTree = "<group>";
		};
		9CA944CE16F8457F00D26C99 /* Products */ = {
			isa = PBXGroup;
			children = (
				9CA944CD16F8457F00D26C99 /* Molearn.app */,
			);
			name = Products;
			sourceTree = "<group>";
		};
		9CA944CF16F8457F00D26C99 /* Frameworks */ = {
			isa = PBXGroup;
			children = (
				9CA944D016F8457F00D26C99 /* UIKit.framework */,
				9CA944D216F8457F00D26C99 /* Foundation.framework */,
				9CA944D416F8457F00D26C99 /* CoreGraphics.framework */,
			);
			name = Frameworks;
			sourceTree = "<group>";
		};
		9CA944D616F8457F00D26C99 /* Molearn */ = {
			isa = PBXGroup;
			children = (
				9CA944DF16F8457F00D26C99 /* MLAppDelegate.h */,
				9CA944E016F8457F00D26C99 /* MLAppDelegate.m */,
				9CA944D716F8457F00D26C99 /* Supporting Files */,
			);
			path = Molearn;
			sourceTree = "<group>";
		};
		9CA944D716F8457F00D26C99 /* Supporting Files */ = {
			isa = PBXGroup;
			children = (
				9CA944D816F8457F00D26C99 /* Molearn-Info.plist */,
				9CA944D916F8457F00D26C99 /* InfoPlist.strings */,
				9CA944DC16F8457F00D26C99 /* main.m */,
				9CA944DE16F8457F00D26C99 /* Molearn-Prefix.pch */,
				9CA944E216F8457F00D26C99 /* Default.png */,
				9CA944E416F8457F00D26C99 /* Default@2x.png */,
				9CA944E616F8457F00D26C99 /* Default-568h@2x.png */,
			);
			name = "Supporting Files";
			sourceTree = "<group>";
		};
/* End PBXGroup section */

/* Begin PBXNativeTarget section */
		9CA944CC16F8457F00D26C99 /* Molearn */ = {
			isa = PBXNativeTarget;
			buildConfigurationList = 9CA944EA16F8457F00D26C99 /* Build configuration list for PBXNativeTarget "Molearn" */;
			buildPhases = (
				9CA944C916F8457F00D26C99 /* Sources */,
				9CA944CA16F8457F00D26C99 /* Frameworks */,
				9CA944CB16F8457F00D26C99 /* Resources */,
			);
			buildRules = (
			);
			dependencies = (
			);
			name = Molearn;
			productName = Molearn;
			productReference = 9CA944CD16F8457F00D26C99 /* Molearn.app */;
			productType = "com.apple.product-type.application";
		};
/* End PBXNativeTarget section */

/* Begin PBXProject section */
		9CA944C516F8457F00D26C99 /* Project object */ = {
			isa = PBXProject;
			attributes = {
				CLASSPREFIX = ML;
				LastUpgradeCheck = 0460;
				ORGANIZATIONNAME = cj;
			};
			buildConfigurationList = 9CA944C816F8457F00D26C99 /* Build configuration list for PBXProject "Molearn" */;
			compatibilityVersion = "Xcode 3.2";
			developmentRegion = English;
			hasScannedForEncodings = 0;
			knownRegions = (
				en,
			);
			mainGroup = 9CA944C416F8457F00D26C99;
			productRefGroup = 9CA944CE16F8457F00D26C99 /* Products */;
			projectDirPath = "";
			projectRoot = "";
			targets = (
				9CA944CC16F8457F00D26C99 /* Molearn */,
			);
		};
/* End PBXProject section */

/* Begin PBXResourcesBuildPhase section */
		9CA944CB16F8457F00D26C99 /* Resources */ = {
			isa = PBXResourcesBuildPhase;
			buildActionMask = 2147483647;
			files = (
				9CA944DB16F8457F00D26C99 /* InfoPlist.strings in Resources */,
				9CA944E316F8457F00D26C99 /* Default.png in Resources */,
				9CA944E516F8457F00D26C99 /* Default@2x.png in Resources */,
				9CA944E716F8457F00D26C99 /* Default-568h@2x.png in Resources */,
			);
			runOnlyForDeploymentPostprocessing = 0;
		};
/* End PBXResourcesBuildPhase section */

/* Begin PBXSourcesBuildPhase section */
		9CA944C916F8457F00D26C99 /* Sources */ = {
			isa = PBXSourcesBuildPhase;
			buildActionMask = 2147483647;
			files = (
				9CA944DD16F8457F00D26C99 /* main.m in Sources */,
				9CA944E116F8457F00D26C99 /* MLAppDelegate.m in Sources */,
			);
			runOnlyForDeploymentPostprocessing = 0;
		};
/* End PBXSourcesBuildPhase section */

/* Begin PBXVariantGroup section */
		9CA944D916F8457F00D26C99 /* InfoPlist.strings */ = {
			isa = PBXVariantGroup;
			children = (
				9CA944DA16F8457F00D26C99 /* en */,
			);
			name = InfoPlist.strings;
			sourceTree = "<group>";
		};
/* End PBXVariantGroup section */

/* Begin XCBuildConfiguration section */
		9CA944E816F8457F00D26C99 /* Debug */ = {
			isa = XCBuildConfiguration;
			buildSettings = {
				ALWAYS_SEARCH_USER_PATHS = NO;
				CLANG_CXX_LANGUAGE_STANDARD = "gnu++0x";
				CLANG_CXX_LIBRARY = "libc++";
				CLANG_WARN_CONSTANT_CONVERSION = YES;
				CLANG_WARN_EMPTY_BODY = YES;
				CLANG_WARN_ENUM_CONVERSION = YES;
				CLANG_WARN_INT_CONVERSION = YES;
				CLANG_WARN__DUPLICATE_METHOD_MATCH = YES;
				"CODE_SIGN_IDENTITY[sdk=iphoneos*]" = "iPhone Developer";
				COPY_PHASE_STRIP = NO;
				GCC_C_LANGUAGE_STANDARD = gnu99;
				GCC_DYNAMIC_NO_PIC = NO;
				GCC_OPTIMIZATION_LEVEL = 0;
				GCC_PREPROCESSOR_DEFINITIONS = (
					"DEBUG=1",
					"$(inherited)",
				);
				GCC_SYMBOLS_PRIVATE_EXTERN = NO;
				GCC_WARN_ABOUT_RETURN_TYPE = YES;
				GCC_WARN_UNINITIALIZED_AUTOS = YES;
				GCC_WARN_UNUSED_VARIABLE = YES;
				IPHONEOS_DEPLOYMENT_TARGET = 6.1;
				ONLY_ACTIVE_ARCH = YES;
				SDKROOT = iphoneos;
			};
			name = Debug;
		};
		9CA944E916F8457F00D26C99 /* Release */ = {
			isa = XCBuildConfiguration;
			buildSettings = {
				ALWAYS_SEARCH_USER_PATHS = NO;
				CLANG_CXX_LANGUAGE_STANDARD = "gnu++0x";
				CLANG_CXX_LIBRARY = "libc++";
				CLANG_WARN_CONSTANT_CONVERSION = YES;
				CLANG_WARN_EMPTY_BODY = YES;
				CLANG_WARN_ENUM_CONVERSION = YES;
				CLANG_WARN_INT_CONVERSION = YES;
				CLANG_WARN__DUPLICATE_METHOD_MATCH = YES;
				"CODE_SIGN_IDENTITY[sdk=iphoneos*]" = "iPhone Developer";
				COPY_PHASE_STRIP = YES;
				GCC_C_LANGUAGE_STANDARD = gnu99;
				GCC_WARN_ABOUT_RETURN_TYPE = YES;
				GCC_WARN_UNINITIALIZED_AUTOS = YES;
				GCC_WARN_UNUSED_VARIABLE = YES;
				IPHONEOS_DEPLOYMENT_TARGET = 6.1;
				OTHER_CFLAGS = "-DNS_BLOCK_ASSERTIONS=1";
				SDKROOT = iphoneos;
				VALIDATE_PRODUCT = YES;
			};
			name = Release;
		};
		9CA944EB16F8457F00D26C99 /* Debug */ = {
			isa = XCBuildConfiguration;
			buildSettings = {
				GCC_PRECOMPILE_PREFIX_HEADER = YES;
				GCC_PREFIX_HEADER = "Molearn/Molearn-Prefix.pch";
				INFOPLIST_FILE = "Molearn/Molearn-Info.plist";
				PRODUCT_NAME = "$(TARGET_NAME)";
				WRAPPER_EXTENSION = app;
			};
			name = Debug;
		};
		9CA944EC16F8457F00D26C99 /* Release */ = {
			isa = XCBuildConfiguration;
			buildSettings = {
				GCC_PRECOMPILE_PREFIX_HEADER = YES;
				GCC_PREFIX_HEADER = "Molearn/Molearn-Prefix.pch";
				INFOPLIST_FILE = "Molearn/Molearn-Info.plist";
				PRODUCT_NAME = "$(TARGET_NAME)";
				WRAPPER_EXTENSION = app;
			};
			name = Release;
		};
/* End XCBuildConfiguration section */

/* Begin XCConfigurationList section */
		9CA944C816F8457F00D26C99 /* Build configuration list for PBXProject "Molearn" */ = {
			isa = XCConfigurationList;
			buildConfigurations = (
				9CA944E816F8457F00D26C99 /* Debug */,
				9CA944E916F8457F00D26C99 /* Release */,
			);
			defaultConfigurationIsVisible = 0;
			defaultConfigurationName = Release;
		};
		9CA944EA16F8457F00D26C99 /* Build configuration list for PBXNativeTarget "Molearn" */ = {
			isa = XCConfigurationList;
			buildConfigurations = (
				9CA944EB16F8457F00D26C99 /* Debug */,
				9CA944EC16F8457F00D26C99 /* Release */,
			);
			defaultConfigurationIsVisible = 0;
		};
/* End XCConfigurationList section */
	};
	rootObject = 9CA944C516F8457F00D26C99 /* Project object */;
}
