// !$*UTF8*$!
{
	archiveVersion = 1;
	classes = {
	};
	objectVersion = 46;
	objects = {

/* Begin PBXBuildFile section */
		9C92111A16FAFBE1005DD890 /* about@2x.png in Resources */ = {isa = PBXBuildFile; fileRef = 9C92111616FAFBE1005DD890 /* about@2x.png */; };
		9C92111B16FAFBE1005DD890 /* favorites@2x.png in Resources */ = {isa = PBXBuildFile; fileRef = 9C92111716FAFBE1005DD890 /* favorites@2x.png */; };
		9C92111C16FAFBE1005DD890 /* home@2x.png in Resources */ = {isa = PBXBuildFile; fileRef = 9C92111816FAFBE1005DD890 /* home@2x.png */; };
		9C92111D16FAFBE1005DD890 /* search@2x.png in Resources */ = {isa = PBXBuildFile; fileRef = 9C92111916FAFBE1005DD890 /* search@2x.png */; };
		9C92112016FC273D005DD890 /* Model.xcdatamodeld in Sources */ = {isa = PBXBuildFile; fileRef = 9C92111E16FC273D005DD890 /* Model.xcdatamodeld */; };
		9C92112416FFEF8B005DD890 /* MLAudioPlay.m in Sources */ = {isa = PBXBuildFile; fileRef = 9C92112316FFEF8B005DD890 /* MLAudioPlay.m */; };
		9C92112616FFF395005DD890 /* MediaPlayer.framework in Frameworks */ = {isa = PBXBuildFile; fileRef = 9C92112516FFF395005DD890 /* MediaPlayer.framework */; };
		9C92112A170000AA005DD890 /* music.mp3 in Resources */ = {isa = PBXBuildFile; fileRef = 9C921129170000AA005DD890 /* music.mp3 */; };
		9C92112D17005201005DD890 /* MLAudioDownder.m in Sources */ = {isa = PBXBuildFile; fileRef = 9C92112C17005201005DD890 /* MLAudioDownder.m */; };
		9CA8250C170179B7004C805C /* MLLoginViewController.m in Sources */ = {isa = PBXBuildFile; fileRef = 9CA8250B170179B7004C805C /* MLLoginViewController.m */; };
		9CA8250F170179DE004C805C /* MLRegisterViewController.m in Sources */ = {isa = PBXBuildFile; fileRef = 9CA8250E170179DE004C805C /* MLRegisterViewController.m */; };
		9CA8251317018BB7004C805C /* MLHTTPClient.m in Sources */ = {isa = PBXBuildFile; fileRef = 9CA8251217018BB7004C805C /* MLHTTPClient.m */; };
		9CA825161703E2F4004C805C /* MLShopListViewController.m in Sources */ = {isa = PBXBuildFile; fileRef = 9CA825151703E2F4004C805C /* MLShopListViewController.m */; };
		9CA825191703E320004C805C /* MLShopDetailViewController.m in Sources */ = {isa = PBXBuildFile; fileRef = 9CA825181703E320004C805C /* MLShopDetailViewController.m */; };
		9CA8251C1703E51A004C805C /* MLShopMenuViewController.m in Sources */ = {isa = PBXBuildFile; fileRef = 9CA8251B1703E51A004C805C /* MLShopMenuViewController.m */; };
		9CA8251F1703E552004C805C /* MLShopOrderedMenuViewController.m in Sources */ = {isa = PBXBuildFile; fileRef = 9CA8251E1703E551004C805C /* MLShopOrderedMenuViewController.m */; };
		9CA825221703EE14004C805C /* MLMapViewController.m in Sources */ = {isa = PBXBuildFile; fileRef = 9CA825211703EE13004C805C /* MLMapViewController.m */; };
		9CA8252C17042654004C805C /* MLLanguageSelectViewController.m in Sources */ = {isa = PBXBuildFile; fileRef = 9CA8252B17042653004C805C /* MLLanguageSelectViewController.m */; };
		9CA8252F170426F9004C805C /* MLPersonalizedSettingViewController.m in Sources */ = {isa = PBXBuildFile; fileRef = 9CA8252E170426F8004C805C /* MLPersonalizedSettingViewController.m */; };
		9CA8253217042B12004C805C /* MLSceneSelectViewController.m in Sources */ = {isa = PBXBuildFile; fileRef = 9CA8253117042B10004C805C /* MLSceneSelectViewController.m */; };
		9CA8253517042DA2004C805C /* MLSentenceStudyViewController.m in Sources */ = {isa = PBXBuildFile; fileRef = 9CA8253417042DA0004C805C /* MLSentenceStudyViewController.m */; };
		9CA8253817043FA5004C805C /* MLLocationManage.m in Sources */ = {isa = PBXBuildFile; fileRef = 9CA8253717043FA5004C805C /* MLLocationManage.m */; };
		9CA8253A170440D8004C805C /* CoreLocation.framework in Frameworks */ = {isa = PBXBuildFile; fileRef = 9CA82539170440D8004C805C /* CoreLocation.framework */; };
		9CA8253B17044209004C805C /* MapKit.framework in Frameworks */ = {isa = PBXBuildFile; fileRef = 9CA9458A16F85F3100D26C99 /* MapKit.framework */; };
		9CA8253F170977D8004C805C /* MLAnnotation.m in Sources */ = {isa = PBXBuildFile; fileRef = 9CA8253E170977D8004C805C /* MLAnnotation.m */; };
		9CA944D116F8457F00D26C99 /* UIKit.framework in Frameworks */ = {isa = PBXBuildFile; fileRef = 9CA944D016F8457F00D26C99 /* UIKit.framework */; };
		9CA944D316F8457F00D26C99 /* Foundation.framework in Frameworks */ = {isa = PBXBuildFile; fileRef = 9CA944D216F8457F00D26C99 /* Foundation.framework */; };
		9CA944D516F8457F00D26C99 /* CoreGraphics.framework in Frameworks */ = {isa = PBXBuildFile; fileRef = 9CA944D416F8457F00D26C99 /* CoreGraphics.framework */; };
		9CA944DB16F8457F00D26C99 /* InfoPlist.strings in Resources */ = {isa = PBXBuildFile; fileRef = 9CA944D916F8457F00D26C99 /* InfoPlist.strings */; };
		9CA944DD16F8457F00D26C99 /* main.m in Sources */ = {isa = PBXBuildFile; fileRef = 9CA944DC16F8457F00D26C99 /* main.m */; };
		9CA944E116F8457F00D26C99 /* MLAppDelegate.m in Sources */ = {isa = PBXBuildFile; fileRef = 9CA944E016F8457F00D26C99 /* MLAppDelegate.m */; };
		9CA944E316F8457F00D26C99 /* Default.png in Resources */ = {isa = PBXBuildFile; fileRef = 9CA944E216F8457F00D26C99 /* Default.png */; };
		9CA944E516F8457F00D26C99 /* Default@2x.png in Resources */ = {isa = PBXBuildFile; fileRef = 9CA944E416F8457F00D26C99 /* Default@2x.png */; };
		9CA944E716F8457F00D26C99 /* Default-568h@2x.png in Resources */ = {isa = PBXBuildFile; fileRef = 9CA944E616F8457F00D26C99 /* Default-568h@2x.png */; };
		9CA9453516F85A6900D26C99 /* checkbox_n@2x.png in Resources */ = {isa = PBXBuildFile; fileRef = 9CA944F716F85A6900D26C99 /* checkbox_n@2x.png */; };
		9CA9453616F85A6900D26C99 /* checkbox_s@2x.png in Resources */ = {isa = PBXBuildFile; fileRef = 9CA944F816F85A6900D26C99 /* checkbox_s@2x.png */; };
		9CA9453716F85A6900D26C99 /* intro_logo@2x.png in Resources */ = {isa = PBXBuildFile; fileRef = 9CA944F916F85A6900D26C99 /* intro_logo@2x.png */; };
		9CA9453816F85A6900D26C99 /* line_dash@2x.png in Resources */ = {isa = PBXBuildFile; fileRef = 9CA944FA16F85A6900D26C99 /* line_dash@2x.png */; };
		9CA9453916F85A6900D26C99 /* main_bg@2x.png in Resources */ = {isa = PBXBuildFile; fileRef = 9CA944FB16F85A6900D26C99 /* main_bg@2x.png */; };
		9CA9453A16F85A6900D26C99 /* main_line@2x.png in Resources */ = {isa = PBXBuildFile; fileRef = 9CA944FC16F85A6900D26C99 /* main_line@2x.png */; };
		9CA9453B16F85A6900D26C99 /* photo_locationsmall@2x.png in Resources */ = {isa = PBXBuildFile; fileRef = 9CA944FD16F85A6900D26C99 /* photo_locationsmall@2x.png */; };
		9CA9453C16F85A6900D26C99 /* photo_mask@2x.png in Resources */ = {isa = PBXBuildFile; fileRef = 9CA944FE16F85A6900D26C99 /* photo_mask@2x.png */; };
		9CA9453D16F85A6900D26C99 /* phototab_arrow@2x.png in Resources */ = {isa = PBXBuildFile; fileRef = 9CA944FF16F85A6900D26C99 /* phototab_arrow@2x.png */; };
		9CA9453E16F85A6900D26C99 /* phototab_bg@2x.png in Resources */ = {isa = PBXBuildFile; fileRef = 9CA9450016F85A6900D26C99 /* phototab_bg@2x.png */; };
		9CA9453F16F85A6900D26C99 /* side_number@2x.png in Resources */ = {isa = PBXBuildFile; fileRef = 9CA9450116F85A6900D26C99 /* side_number@2x.png */; };
		9CA9454016F85A6900D26C99 /* upload_bg@2x.png in Resources */ = {isa = PBXBuildFile; fileRef = 9CA9450216F85A6900D26C99 /* upload_bg@2x.png */; };
		9CA9454116F85A6900D26C99 /* upload_progress@2x.png in Resources */ = {isa = PBXBuildFile; fileRef = 9CA9450316F85A6900D26C99 /* upload_progress@2x.png */; };
		9CA9454216F85A6900D26C99 /* write_bg@2x.png in Resources */ = {isa = PBXBuildFile; fileRef = 9CA9450416F85A6900D26C99 /* write_bg@2x.png */; };
		9CA9454316F85A6900D26C99 /* btn_white_n@2x.png in Resources */ = {isa = PBXBuildFile; fileRef = 9CA9450616F85A6900D26C99 /* btn_white_n@2x.png */; };
		9CA9454416F85A6900D26C99 /* btn_white_p@2x.png in Resources */ = {isa = PBXBuildFile; fileRef = 9CA9450716F85A6900D26C99 /* btn_white_p@2x.png */; };
		9CA9454516F85A6900D26C99 /* btn_yellow_d@2x.png in Resources */ = {isa = PBXBuildFile; fileRef = 9CA9450816F85A6900D26C99 /* btn_yellow_d@2x.png */; };
		9CA9454616F85A6900D26C99 /* btn_yellow_n@2x.png in Resources */ = {isa = PBXBuildFile; fileRef = 9CA9450916F85A6900D26C99 /* btn_yellow_n@2x.png */; };
		9CA9454716F85A6900D26C99 /* btn_yellow_p@2x.png in Resources */ = {isa = PBXBuildFile; fileRef = 9CA9450A16F85A6900D26C99 /* btn_yellow_p@2x.png */; };
		9CA9454816F85A6900D26C99 /* photo_close@2x.png in Resources */ = {isa = PBXBuildFile; fileRef = 9CA9450B16F85A6900D26C99 /* photo_close@2x.png */; };
		9CA9454916F85A6900D26C99 /* photo_location@2x.png in Resources */ = {isa = PBXBuildFile; fileRef = 9CA9450C16F85A6900D26C99 /* photo_location@2x.png */; };
		9CA9454A16F85A6900D26C99 /* photo_write@2x.png in Resources */ = {isa = PBXBuildFile; fileRef = 9CA9450D16F85A6900D26C99 /* photo_write@2x.png */; };
		9CA9454B16F85A6900D26C99 /* write_weibo_a@2x.png in Resources */ = {isa = PBXBuildFile; fileRef = 9CA9450E16F85A6900D26C99 /* write_weibo_a@2x.png */; };
		9CA9454C16F85A6900D26C99 /* write_weibo_n@2x.png in Resources */ = {isa = PBXBuildFile; fileRef = 9CA9450F16F85A6900D26C99 /* write_weibo_n@2x.png */; };
		9CA9454D16F85A6900D26C99 /* app_cityguide@2x.png in Resources */ = {isa = PBXBuildFile; fileRef = 9CA9451116F85A6900D26C99 /* app_cityguide@2x.png */; };
		9CA9454E16F85A6900D26C99 /* app_lvping@2x.png in Resources */ = {isa = PBXBuildFile; fileRef = 9CA9451216F85A6900D26C99 /* app_lvping@2x.png */; };
		9CA9454F16F85A6900D26C99 /* icon_weibo@2x.png in Resources */ = {isa = PBXBuildFile; fileRef = 9CA9451316F85A6900D26C99 /* icon_weibo@2x.png */; };
		9CA9455016F85A6900D26C99 /* intro1@2x.png in Resources */ = {isa = PBXBuildFile; fileRef = 9CA9451516F85A6900D26C99 /* intro1@2x.png */; };
		9CA9455116F85A6900D26C99 /* intro2@2x.png in Resources */ = {isa = PBXBuildFile; fileRef = 9CA9451616F85A6900D26C99 /* intro2@2x.png */; };
		9CA9455216F85A6900D26C99 /* intro3@2x.png in Resources */ = {isa = PBXBuildFile; fileRef = 9CA9451716F85A6900D26C99 /* intro3@2x.png */; };
		9CA9455316F85A6900D26C99 /* pop_cancel@2x.png in Resources */ = {isa = PBXBuildFile; fileRef = 9CA9451916F85A6900D26C99 /* pop_cancel@2x.png */; };
		9CA9455416F85A6900D26C99 /* pop_delete@2x.png in Resources */ = {isa = PBXBuildFile; fileRef = 9CA9451A16F85A6900D26C99 /* pop_delete@2x.png */; };
		9CA9455516F85A6900D26C99 /* pop_line@2x.png in Resources */ = {isa = PBXBuildFile; fileRef = 9CA9451B16F85A6900D26C99 /* pop_line@2x.png */; };
		9CA9455616F85A6900D26C99 /* pop_location@2x.png in Resources */ = {isa = PBXBuildFile; fileRef = 9CA9451C16F85A6900D26C99 /* pop_location@2x.png */; };
		9CA9455716F85A6900D26C99 /* pop_upload@2x.png in Resources */ = {isa = PBXBuildFile; fileRef = 9CA9451D16F85A6900D26C99 /* pop_upload@2x.png */; };
		9CA9455816F85A6900D26C99 /* navibar_back@2x.png in Resources */ = {isa = PBXBuildFile; fileRef = 9CA9451F16F85A6900D26C99 /* navibar_back@2x.png */; };
		9CA9455916F85A6900D26C99 /* navibar_bg@2x.png in Resources */ = {isa = PBXBuildFile; fileRef = 9CA9452016F85A6900D26C99 /* navibar_bg@2x.png */; };
		9CA9455A16F85A6900D26C99 /* navibar_close@2x.png in Resources */ = {isa = PBXBuildFile; fileRef = 9CA9452116F85A6900D26C99 /* navibar_close@2x.png */; };
		9CA9455B16F85A6900D26C99 /* navibar_list@2x.png in Resources */ = {isa = PBXBuildFile; fileRef = 9CA9452216F85A6900D26C99 /* navibar_list@2x.png */; };
		9CA9455C16F85A6900D26C99 /* navibar_list_new@2x.png in Resources */ = {isa = PBXBuildFile; fileRef = 9CA9452316F85A6900D26C99 /* navibar_list_new@2x.png */; };
		9CA9455D16F85A6900D26C99 /* navibar_more_d@2x.png in Resources */ = {isa = PBXBuildFile; fileRef = 9CA9452416F85A6900D26C99 /* navibar_more_d@2x.png */; };
		9CA9455E16F85A6900D26C99 /* navibar_more_n@2x.png in Resources */ = {isa = PBXBuildFile; fileRef = 9CA9452516F85A6900D26C99 /* navibar_more_n@2x.png */; };
		9CA9455F16F85A6900D26C99 /* map@2x.png in Resources */ = {isa = PBXBuildFile; fileRef = 9CA9452716F85A6900D26C99 /* map@2x.png */; };
		9CA9456016F85A6900D26C99 /* map_bg@2x.png in Resources */ = {isa = PBXBuildFile; fileRef = 9CA9452816F85A6900D26C99 /* map_bg@2x.png */; };
		9CA9456116F85A6900D26C99 /* side_album@2x.png in Resources */ = {isa = PBXBuildFile; fileRef = 9CA9452A16F85A6900D26C99 /* side_album@2x.png */; };
		9CA9456216F85A6900D26C99 /* side_arrow@2x.png in Resources */ = {isa = PBXBuildFile; fileRef = 9CA9452B16F85A6900D26C99 /* side_arrow@2x.png */; };
		9CA9456316F85A6900D26C99 /* side_bg@2x.png in Resources */ = {isa = PBXBuildFile; fileRef = 9CA9452C16F85A6900D26C99 /* side_bg@2x.png */; };
		9CA9456416F85A6900D26C99 /* side_line@2x.png in Resources */ = {isa = PBXBuildFile; fileRef = 9CA9452D16F85A6900D26C99 /* side_line@2x.png */; };
		9CA9456516F85A6900D26C99 /* side_logo@2x.png in Resources */ = {isa = PBXBuildFile; fileRef = 9CA9452E16F85A6900D26C99 /* side_logo@2x.png */; };
		9CA9456616F85A6900D26C99 /* side_scan@2x.png in Resources */ = {isa = PBXBuildFile; fileRef = 9CA9452F16F85A6900D26C99 /* side_scan@2x.png */; };
		9CA9456716F85A6900D26C99 /* side_setting@2x.png in Resources */ = {isa = PBXBuildFile; fileRef = 9CA9453016F85A6900D26C99 /* side_setting@2x.png */; };
		9CA9456816F85A6900D26C99 /* Default-568h@2x.png in Resources */ = {isa = PBXBuildFile; fileRef = 9CA9453216F85A6900D26C99 /* Default-568h@2x.png */; };
		9CA9456916F85A6900D26C99 /* Default@2x.png in Resources */ = {isa = PBXBuildFile; fileRef = 9CA9453316F85A6900D26C99 /* Default@2x.png */; };
		9CA9456A16F85A6900D26C99 /* Icon@2x.png in Resources */ = {isa = PBXBuildFile; fileRef = 9CA9453416F85A6900D26C99 /* Icon@2x.png */; };
		9CA9457F16F85DF200D26C99 /* NSManagedObjectContextAdditions.m in Sources */ = {isa = PBXBuildFile; fileRef = 9CA9456E16F85DF200D26C99 /* NSManagedObjectContextAdditions.m */; };
		9CA9458016F85DF200D26C99 /* NSPersistentStoreCoordinatorAdditions.m in Sources */ = {isa = PBXBuildFile; fileRef = 9CA9457016F85DF200D26C99 /* NSPersistentStoreCoordinatorAdditions.m */; };
		9CA9458116F85DF200D26C99 /* NSStringAdditions.m in Sources */ = {isa = PBXBuildFile; fileRef = 9CA9457216F85DF200D26C99 /* NSStringAdditions.m */; };
		9CA9458216F85DF200D26C99 /* NSURLAdditions.m in Sources */ = {isa = PBXBuildFile; fileRef = 9CA9457416F85DF200D26C99 /* NSURLAdditions.m */; };
		9CA9458316F85DF200D26C99 /* UIBarButtonItemAdditions.m in Sources */ = {isa = PBXBuildFile; fileRef = 9CA9457616F85DF200D26C99 /* UIBarButtonItemAdditions.m */; };
		9CA9458416F85DF200D26C99 /* UIColorAdditions.m in Sources */ = {isa = PBXBuildFile; fileRef = 9CA9457816F85DF200D26C99 /* UIColorAdditions.m */; };
		9CA9458516F85DF200D26C99 /* UIDeviceAdditions.m in Sources */ = {isa = PBXBuildFile; fileRef = 9CA9457A16F85DF200D26C99 /* UIDeviceAdditions.m */; };
		9CA9458616F85DF200D26C99 /* UINavigationControllerAdditions.m in Sources */ = {isa = PBXBuildFile; fileRef = 9CA9457C16F85DF200D26C99 /* UINavigationControllerAdditions.m */; };
		9CA9458716F85DF200D26C99 /* UINavigationItemAdditions.m in Sources */ = {isa = PBXBuildFile; fileRef = 9CA9457E16F85DF200D26C99 /* UINavigationItemAdditions.m */; };
		9CA9458916F85F2600D26C99 /* QuartzCore.framework in Frameworks */ = {isa = PBXBuildFile; fileRef = 9CA9458816F85F2600D26C99 /* QuartzCore.framework */; };
		9CA945AA16F8643500D26C99 /* AFHTTPClient.m in Sources */ = {isa = PBXBuildFile; fileRef = 9CA9458E16F8643500D26C99 /* AFHTTPClient.m */; };
		9CA945AB16F8643500D26C99 /* AFHTTPRequestOperation.m in Sources */ = {isa = PBXBuildFile; fileRef = 9CA9459016F8643500D26C99 /* AFHTTPRequestOperation.m */; };
		9CA945AC16F8643500D26C99 /* AFImageRequestOperation.m in Sources */ = {isa = PBXBuildFile; fileRef = 9CA9459216F8643500D26C99 /* AFImageRequestOperation.m */; };
		9CA945AD16F8643500D26C99 /* AFJSONRequestOperation.m in Sources */ = {isa = PBXBuildFile; fileRef = 9CA9459416F8643500D26C99 /* AFJSONRequestOperation.m */; };
		9CA945AE16F8643500D26C99 /* AFJSONUtilities.m in Sources */ = {isa = PBXBuildFile; fileRef = 9CA9459616F8643500D26C99 /* AFJSONUtilities.m */; };
		9CA945AF16F8643500D26C99 /* AFNetworkActivityIndicatorManager.m in Sources */ = {isa = PBXBuildFile; fileRef = 9CA9459816F8643500D26C99 /* AFNetworkActivityIndicatorManager.m */; };
		9CA945B016F8643500D26C99 /* AFPropertyListRequestOperation.m in Sources */ = {isa = PBXBuildFile; fileRef = 9CA9459B16F8643500D26C99 /* AFPropertyListRequestOperation.m */; };
		9CA945B116F8643500D26C99 /* AFURLConnectionOperation.m in Sources */ = {isa = PBXBuildFile; fileRef = 9CA9459D16F8643500D26C99 /* AFURLConnectionOperation.m */; };
		9CA945B216F8643500D26C99 /* AFXMLRequestOperation.m in Sources */ = {isa = PBXBuildFile; fileRef = 9CA9459F16F8643500D26C99 /* AFXMLRequestOperation.m */; };
		9CA945B316F8643500D26C99 /* UIImageView+AFNetworking.m in Sources */ = {isa = PBXBuildFile; fileRef = 9CA945A116F8643500D26C99 /* UIImageView+AFNetworking.m */; };
		9CA945B416F8643500D26C99 /* CHANGELOG.md in Resources */ = {isa = PBXBuildFile; fileRef = 9CA945A316F8643500D26C99 /* CHANGELOG.md */; };
		9CA945B516F8643500D26C99 /* JSONKit.m in Sources */ = {isa = PBXBuildFile; fileRef = 9CA945A516F8643500D26C99 /* JSONKit.m */; };
		9CA945B616F8643500D26C99 /* README.md in Resources */ = {isa = PBXBuildFile; fileRef = 9CA945A616F8643500D26C99 /* README.md */; };
		9CA945B716F8643500D26C99 /* MBProgressHUD.m in Sources */ = {isa = PBXBuildFile; fileRef = 9CA945A916F8643500D26C99 /* MBProgressHUD.m */; };
		9CA945BE16F866D500D26C99 /* CoreData.framework in Frameworks */ = {isa = PBXBuildFile; fileRef = 9CA945BD16F866D500D26C99 /* CoreData.framework */; };
		9CA945C116F86B5B00D26C99 /* MLSlpashViewController.m in Sources */ = {isa = PBXBuildFile; fileRef = 9CA945C016F86B5B00D26C99 /* MLSlpashViewController.m */; };
		9CA945C716F86BE800D26C99 /* MLHomeViewController.m in Sources */ = {isa = PBXBuildFile; fileRef = 9CA945C616F86BE800D26C99 /* MLHomeViewController.m */; };
		9CA945CA16F86BF200D26C99 /* MLSearchViewController.m in Sources */ = {isa = PBXBuildFile; fileRef = 9CA945C916F86BF200D26C99 /* MLSearchViewController.m */; };
		9CA945CD16F86C0900D26C99 /* MLFavouritesViewController.m in Sources */ = {isa = PBXBuildFile; fileRef = 9CA945CC16F86C0900D26C99 /* MLFavouritesViewController.m */; };
		9CA945D016F86C1700D26C99 /* MLSettingViewController.m in Sources */ = {isa = PBXBuildFile; fileRef = 9CA945CF16F86C1700D26C99 /* MLSettingViewController.m */; };
		9CA945D316F86C5400D26C99 /* MLTabViewController.m in Sources */ = {isa = PBXBuildFile; fileRef = 9CA945D216F86C5400D26C99 /* MLTabViewController.m */; };
		9CB6346A171D570E0077FCE0 /* AVFoundation.framework in Frameworks */ = {isa = PBXBuildFile; fileRef = 9CB63469171D570E0077FCE0 /* AVFoundation.framework */; };
		9CC44531170AB35600616859 /* MLPinAnnotationView.m in Sources */ = {isa = PBXBuildFile; fileRef = 9CC44530170AB35600616859 /* MLPinAnnotationView.m */; };
		9CC44535170AE25100616859 /* MLFileManage.m in Sources */ = {isa = PBXBuildFile; fileRef = 9CC44534170AE25100616859 /* MLFileManage.m */; };
/* End PBXBuildFile section */

/* Begin PBXFileReference section */
		9C92111616FAFBE1005DD890 /* about@2x.png */ = {isa = PBXFileReference; lastKnownFileType = image.png; path = "about@2x.png"; sourceTree = "<group>"; };
		9C92111716FAFBE1005DD890 /* favorites@2x.png */ = {isa = PBXFileReference; lastKnownFileType = image.png; path = "favorites@2x.png"; sourceTree = "<group>"; };
		9C92111816FAFBE1005DD890 /* home@2x.png */ = {isa = PBXFileReference; lastKnownFileType = image.png; path = "home@2x.png"; sourceTree = "<group>"; };
		9C92111916FAFBE1005DD890 /* search@2x.png */ = {isa = PBXFileReference; lastKnownFileType = image.png; path = "search@2x.png"; sourceTree = "<group>"; };
		9C92111F16FC273D005DD890 /* Model.xcdatamodel */ = {isa = PBXFileReference; lastKnownFileType = wrapper.xcdatamodel; path = Model.xcdatamodel; sourceTree = "<group>"; };
		9C92112216FFEF8B005DD890 /* MLAudioPlay.h */ = {isa = PBXFileReference; fileEncoding = 4; lastKnownFileType = sourcecode.c.h; name = MLAudioPlay.h; path = Audios/MLAudioPlay.h; sourceTree = "<group>"; };
		9C92112316FFEF8B005DD890 /* MLAudioPlay.m */ = {isa = PBXFileReference; fileEncoding = 4; lastKnownFileType = sourcecode.c.objc; name = MLAudioPlay.m; path = Audios/MLAudioPlay.m; sourceTree = "<group>"; };
		9C92112516FFF395005DD890 /* MediaPlayer.framework */ = {isa = PBXFileReference; lastKnownFileType = wrapper.framework; name = MediaPlayer.framework; path = System/Library/Frameworks/MediaPlayer.framework; sourceTree = SDKROOT; };
		9C921129170000AA005DD890 /* music.mp3 */ = {isa = PBXFileReference; lastKnownFileType = audio.mp3; name = music.mp3; path = Molearn/music.mp3; sourceTree = SOURCE_ROOT; };
		9C92112B17005201005DD890 /* MLAudioDownder.h */ = {isa = PBXFileReference; fileEncoding = 4; lastKnownFileType = sourcecode.c.h; name = MLAudioDownder.h; path = Audios/MLAudioDownder.h; sourceTree = "<group>"; };
		9C92112C17005201005DD890 /* MLAudioDownder.m */ = {isa = PBXFileReference; fileEncoding = 4; lastKnownFileType = sourcecode.c.objc; name = MLAudioDownder.m; path = Audios/MLAudioDownder.m; sourceTree = "<group>"; };
		9CA8250A170179B7004C805C /* MLLoginViewController.h */ = {isa = PBXFileReference; fileEncoding = 4; lastKnownFileType = sourcecode.c.h; path = MLLoginViewController.h; sourceTree = "<group>"; };
		9CA8250B170179B7004C805C /* MLLoginViewController.m */ = {isa = PBXFileReference; fileEncoding = 4; lastKnownFileType = sourcecode.c.objc; path = MLLoginViewController.m; sourceTree = "<group>"; };
		9CA8250D170179DE004C805C /* MLRegisterViewController.h */ = {isa = PBXFileReference; fileEncoding = 4; lastKnownFileType = sourcecode.c.h; path = MLRegisterViewController.h; sourceTree = "<group>"; };
		9CA8250E170179DE004C805C /* MLRegisterViewController.m */ = {isa = PBXFileReference; fileEncoding = 4; lastKnownFileType = sourcecode.c.objc; path = MLRegisterViewController.m; sourceTree = "<group>"; };
		9CA8251117018BB7004C805C /* MLHTTPClient.h */ = {isa = PBXFileReference; fileEncoding = 4; lastKnownFileType = sourcecode.c.h; path = MLHTTPClient.h; sourceTree = "<group>"; };
		9CA8251217018BB7004C805C /* MLHTTPClient.m */ = {isa = PBXFileReference; fileEncoding = 4; lastKnownFileType = sourcecode.c.objc; path = MLHTTPClient.m; sourceTree = "<group>"; };
		9CA825141703E2F4004C805C /* MLShopListViewController.h */ = {isa = PBXFileReference; fileEncoding = 4; lastKnownFileType = sourcecode.c.h; path = MLShopListViewController.h; sourceTree = "<group>"; };
		9CA825151703E2F4004C805C /* MLShopListViewController.m */ = {isa = PBXFileReference; fileEncoding = 4; lastKnownFileType = sourcecode.c.objc; path = MLShopListViewController.m; sourceTree = "<group>"; };
		9CA825171703E320004C805C /* MLShopDetailViewController.h */ = {isa = PBXFileReference; fileEncoding = 4; lastKnownFileType = sourcecode.c.h; path = MLShopDetailViewController.h; sourceTree = "<group>"; };
		9CA825181703E320004C805C /* MLShopDetailViewController.m */ = {isa = PBXFileReference; fileEncoding = 4; lastKnownFileType = sourcecode.c.objc; path = MLShopDetailViewController.m; sourceTree = "<group>"; };
		9CA8251A1703E51A004C805C /* MLShopMenuViewController.h */ = {isa = PBXFileReference; fileEncoding = 4; lastKnownFileType = sourcecode.c.h; path = MLShopMenuViewController.h; sourceTree = "<group>"; };
		9CA8251B1703E51A004C805C /* MLShopMenuViewController.m */ = {isa = PBXFileReference; fileEncoding = 4; lastKnownFileType = sourcecode.c.objc; path = MLShopMenuViewController.m; sourceTree = "<group>"; };
		9CA8251D1703E551004C805C /* MLShopOrderedMenuViewController.h */ = {isa = PBXFileReference; fileEncoding = 4; lastKnownFileType = sourcecode.c.h; path = MLShopOrderedMenuViewController.h; sourceTree = "<group>"; };
		9CA8251E1703E551004C805C /* MLShopOrderedMenuViewController.m */ = {isa = PBXFileReference; fileEncoding = 4; lastKnownFileType = sourcecode.c.objc; path = MLShopOrderedMenuViewController.m; sourceTree = "<group>"; };
		9CA825201703EE13004C805C /* MLMapViewController.h */ = {isa = PBXFileReference; fileEncoding = 4; lastKnownFileType = sourcecode.c.h; path = MLMapViewController.h; sourceTree = "<group>"; };
		9CA825211703EE13004C805C /* MLMapViewController.m */ = {isa = PBXFileReference; fileEncoding = 4; lastKnownFileType = sourcecode.c.objc; path = MLMapViewController.m; sourceTree = "<group>"; };
		9CA8252A17042652004C805C /* MLLanguageSelectViewController.h */ = {isa = PBXFileReference; fileEncoding = 4; lastKnownFileType = sourcecode.c.h; path = MLLanguageSelectViewController.h; sourceTree = "<group>"; };
		9CA8252B17042653004C805C /* MLLanguageSelectViewController.m */ = {isa = PBXFileReference; fileEncoding = 4; lastKnownFileType = sourcecode.c.objc; path = MLLanguageSelectViewController.m; sourceTree = "<group>"; };
		9CA8252D170426F7004C805C /* MLPersonalizedSettingViewController.h */ = {isa = PBXFileReference; fileEncoding = 4; lastKnownFileType = sourcecode.c.h; path = MLPersonalizedSettingViewController.h; sourceTree = "<group>"; };
		9CA8252E170426F8004C805C /* MLPersonalizedSettingViewController.m */ = {isa = PBXFileReference; fileEncoding = 4; lastKnownFileType = sourcecode.c.objc; path = MLPersonalizedSettingViewController.m; sourceTree = "<group>"; };
		9CA8253017042B0F004C805C /* MLSceneSelectViewController.h */ = {isa = PBXFileReference; fileEncoding = 4; lastKnownFileType = sourcecode.c.h; path = MLSceneSelectViewController.h; sourceTree = "<group>"; };
		9CA8253117042B10004C805C /* MLSceneSelectViewController.m */ = {isa = PBXFileReference; fileEncoding = 4; lastKnownFileType = sourcecode.c.objc; path = MLSceneSelectViewController.m; sourceTree = "<group>"; };
		9CA8253317042D9F004C805C /* MLSentenceStudyViewController.h */ = {isa = PBXFileReference; fileEncoding = 4; lastKnownFileType = sourcecode.c.h; path = MLSentenceStudyViewController.h; sourceTree = "<group>"; };
		9CA8253417042DA0004C805C /* MLSentenceStudyViewController.m */ = {isa = PBXFileReference; fileEncoding = 4; lastKnownFileType = sourcecode.c.objc; path = MLSentenceStudyViewController.m; sourceTree = "<group>"; };
		9CA8253617043FA5004C805C /* MLLocationManage.h */ = {isa = PBXFileReference; fileEncoding = 4; lastKnownFileType = sourcecode.c.h; path = MLLocationManage.h; sourceTree = "<group>"; };
		9CA8253717043FA5004C805C /* MLLocationManage.m */ = {isa = PBXFileReference; fileEncoding = 4; lastKnownFileType = sourcecode.c.objc; path = MLLocationManage.m; sourceTree = "<group>"; };
		9CA82539170440D8004C805C /* CoreLocation.framework */ = {isa = PBXFileReference; lastKnownFileType = wrapper.framework; name = CoreLocation.framework; path = System/Library/Frameworks/CoreLocation.framework; sourceTree = SDKROOT; };
		9CA8253D170977D8004C805C /* MLAnnotation.h */ = {isa = PBXFileReference; fileEncoding = 4; lastKnownFileType = sourcecode.c.h; name = MLAnnotation.h; path = Map/MLAnnotation.h; sourceTree = "<group>"; };
		9CA8253E170977D8004C805C /* MLAnnotation.m */ = {isa = PBXFileReference; fileEncoding = 4; lastKnownFileType = sourcecode.c.objc; name = MLAnnotation.m; path = Map/MLAnnotation.m; sourceTree = "<group>"; };
		9CA944CD16F8457F00D26C99 /* Molearn.app */ = {isa = PBXFileReference; explicitFileType = wrapper.application; includeInIndex = 0; path = Molearn.app; sourceTree = BUILT_PRODUCTS_DIR; };
		9CA944D016F8457F00D26C99 /* UIKit.framework */ = {isa = PBXFileReference; lastKnownFileType = wrapper.framework; name = UIKit.framework; path = System/Library/Frameworks/UIKit.framework; sourceTree = SDKROOT; };
		9CA944D216F8457F00D26C99 /* Foundation.framework */ = {isa = PBXFileReference; lastKnownFileType = wrapper.framework; name = Foundation.framework; path = System/Library/Frameworks/Foundation.framework; sourceTree = SDKROOT; };
		9CA944D416F8457F00D26C99 /* CoreGraphics.framework */ = {isa = PBXFileReference; lastKnownFileType = wrapper.framework; name = CoreGraphics.framework; path = System/Library/Frameworks/CoreGraphics.framework; sourceTree = SDKROOT; };
		9CA944D816F8457F00D26C99 /* Molearn-Info.plist */ = {isa = PBXFileReference; lastKnownFileType = text.plist.xml; path = "Molearn-Info.plist"; sourceTree = "<group>"; };
		9CA944DA16F8457F00D26C99 /* en */ = {isa = PBXFileReference; lastKnownFileType = text.plist.strings; name = en; path = en.lproj/InfoPlist.strings; sourceTree = "<group>"; };
		9CA944DC16F8457F00D26C99 /* main.m */ = {isa = PBXFileReference; lastKnownFileType = sourcecode.c.objc; path = main.m; sourceTree = "<group>"; };
		9CA944DE16F8457F00D26C99 /* Molearn-Prefix.pch */ = {isa = PBXFileReference; lastKnownFileType = sourcecode.c.h; path = "Molearn-Prefix.pch"; sourceTree = "<group>"; };
		9CA944DF16F8457F00D26C99 /* MLAppDelegate.h */ = {isa = PBXFileReference; lastKnownFileType = sourcecode.c.h; path = MLAppDelegate.h; sourceTree = "<group>"; };
		9CA944E016F8457F00D26C99 /* MLAppDelegate.m */ = {isa = PBXFileReference; lastKnownFileType = sourcecode.c.objc; path = MLAppDelegate.m; sourceTree = "<group>"; };
		9CA944E216F8457F00D26C99 /* Default.png */ = {isa = PBXFileReference; lastKnownFileType = image.png; path = Default.png; sourceTree = "<group>"; };
		9CA944E416F8457F00D26C99 /* Default@2x.png */ = {isa = PBXFileReference; lastKnownFileType = image.png; path = "Default@2x.png"; sourceTree = "<group>"; };
		9CA944E616F8457F00D26C99 /* Default-568h@2x.png */ = {isa = PBXFileReference; lastKnownFileType = image.png; path = "Default-568h@2x.png"; sourceTree = "<group>"; };
		9CA944F716F85A6900D26C99 /* checkbox_n@2x.png */ = {isa = PBXFileReference; lastKnownFileType = image.png; path = "checkbox_n@2x.png"; sourceTree = "<group>"; };
		9CA944F816F85A6900D26C99 /* checkbox_s@2x.png */ = {isa = PBXFileReference; lastKnownFileType = image.png; path = "checkbox_s@2x.png"; sourceTree = "<group>"; };
		9CA944F916F85A6900D26C99 /* intro_logo@2x.png */ = {isa = PBXFileReference; lastKnownFileType = image.png; path = "intro_logo@2x.png"; sourceTree = "<group>"; };
		9CA944FA16F85A6900D26C99 /* line_dash@2x.png */ = {isa = PBXFileReference; lastKnownFileType = image.png; path = "line_dash@2x.png"; sourceTree = "<group>"; };
		9CA944FB16F85A6900D26C99 /* main_bg@2x.png */ = {isa = PBXFileReference; lastKnownFileType = image.png; path = "main_bg@2x.png"; sourceTree = "<group>"; };
		9CA944FC16F85A6900D26C99 /* main_line@2x.png */ = {isa = PBXFileReference; lastKnownFileType = image.png; path = "main_line@2x.png"; sourceTree = "<group>"; };
		9CA944FD16F85A6900D26C99 /* photo_locationsmall@2x.png */ = {isa = PBXFileReference; lastKnownFileType = image.png; path = "photo_locationsmall@2x.png"; sourceTree = "<group>"; };
		9CA944FE16F85A6900D26C99 /* photo_mask@2x.png */ = {isa = PBXFileReference; lastKnownFileType = image.png; path = "photo_mask@2x.png"; sourceTree = "<group>"; };
		9CA944FF16F85A6900D26C99 /* phototab_arrow@2x.png */ = {isa = PBXFileReference; lastKnownFileType = image.png; path = "phototab_arrow@2x.png"; sourceTree = "<group>"; };
		9CA9450016F85A6900D26C99 /* phototab_bg@2x.png */ = {isa = PBXFileReference; lastKnownFileType = image.png; path = "phototab_bg@2x.png"; sourceTree = "<group>"; };
		9CA9450116F85A6900D26C99 /* side_number@2x.png */ = {isa = PBXFileReference; lastKnownFileType = image.png; path = "side_number@2x.png"; sourceTree = "<group>"; };
		9CA9450216F85A6900D26C99 /* upload_bg@2x.png */ = {isa = PBXFileReference; lastKnownFileType = image.png; path = "upload_bg@2x.png"; sourceTree = "<group>"; };
		9CA9450316F85A6900D26C99 /* upload_progress@2x.png */ = {isa = PBXFileReference; lastKnownFileType = image.png; path = "upload_progress@2x.png"; sourceTree = "<group>"; };
		9CA9450416F85A6900D26C99 /* write_bg@2x.png */ = {isa = PBXFileReference; lastKnownFileType = image.png; path = "write_bg@2x.png"; sourceTree = "<group>"; };
		9CA9450616F85A6900D26C99 /* btn_white_n@2x.png */ = {isa = PBXFileReference; lastKnownFileType = image.png; path = "btn_white_n@2x.png"; sourceTree = "<group>"; };
		9CA9450716F85A6900D26C99 /* btn_white_p@2x.png */ = {isa = PBXFileReference; lastKnownFileType = image.png; path = "btn_white_p@2x.png"; sourceTree = "<group>"; };
		9CA9450816F85A6900D26C99 /* btn_yellow_d@2x.png */ = {isa = PBXFileReference; lastKnownFileType = image.png; path = "btn_yellow_d@2x.png"; sourceTree = "<group>"; };
		9CA9450916F85A6900D26C99 /* btn_yellow_n@2x.png */ = {isa = PBXFileReference; lastKnownFileType = image.png; path = "btn_yellow_n@2x.png"; sourceTree = "<group>"; };
		9CA9450A16F85A6900D26C99 /* btn_yellow_p@2x.png */ = {isa = PBXFileReference; lastKnownFileType = image.png; path = "btn_yellow_p@2x.png"; sourceTree = "<group>"; };
		9CA9450B16F85A6900D26C99 /* photo_close@2x.png */ = {isa = PBXFileReference; lastKnownFileType = image.png; path = "photo_close@2x.png"; sourceTree = "<group>"; };
		9CA9450C16F85A6900D26C99 /* photo_location@2x.png */ = {isa = PBXFileReference; lastKnownFileType = image.png; path = "photo_location@2x.png"; sourceTree = "<group>"; };
		9CA9450D16F85A6900D26C99 /* photo_write@2x.png */ = {isa = PBXFileReference; lastKnownFileType = image.png; path = "photo_write@2x.png"; sourceTree = "<group>"; };
		9CA9450E16F85A6900D26C99 /* write_weibo_a@2x.png */ = {isa = PBXFileReference; lastKnownFileType = image.png; path = "write_weibo_a@2x.png"; sourceTree = "<group>"; };
		9CA9450F16F85A6900D26C99 /* write_weibo_n@2x.png */ = {isa = PBXFileReference; lastKnownFileType = image.png; path = "write_weibo_n@2x.png"; sourceTree = "<group>"; };
		9CA9451116F85A6900D26C99 /* app_cityguide@2x.png */ = {isa = PBXFileReference; lastKnownFileType = image.png; path = "app_cityguide@2x.png"; sourceTree = "<group>"; };
		9CA9451216F85A6900D26C99 /* app_lvping@2x.png */ = {isa = PBXFileReference; lastKnownFileType = image.png; path = "app_lvping@2x.png"; sourceTree = "<group>"; };
		9CA9451316F85A6900D26C99 /* icon_weibo@2x.png */ = {isa = PBXFileReference; lastKnownFileType = image.png; path = "icon_weibo@2x.png"; sourceTree = "<group>"; };
		9CA9451516F85A6900D26C99 /* intro1@2x.png */ = {isa = PBXFileReference; lastKnownFileType = image.png; path = "intro1@2x.png"; sourceTree = "<group>"; };
		9CA9451616F85A6900D26C99 /* intro2@2x.png */ = {isa = PBXFileReference; lastKnownFileType = image.png; path = "intro2@2x.png"; sourceTree = "<group>"; };
		9CA9451716F85A6900D26C99 /* intro3@2x.png */ = {isa = PBXFileReference; lastKnownFileType = image.png; path = "intro3@2x.png"; sourceTree = "<group>"; };
		9CA9451916F85A6900D26C99 /* pop_cancel@2x.png */ = {isa = PBXFileReference; lastKnownFileType = image.png; path = "pop_cancel@2x.png"; sourceTree = "<group>"; };
		9CA9451A16F85A6900D26C99 /* pop_delete@2x.png */ = {isa = PBXFileReference; lastKnownFileType = image.png; path = "pop_delete@2x.png"; sourceTree = "<group>"; };
		9CA9451B16F85A6900D26C99 /* pop_line@2x.png */ = {isa = PBXFileReference; lastKnownFileType = image.png; path = "pop_line@2x.png"; sourceTree = "<group>"; };
		9CA9451C16F85A6900D26C99 /* pop_location@2x.png */ = {isa = PBXFileReference; lastKnownFileType = image.png; path = "pop_location@2x.png"; sourceTree = "<group>"; };
		9CA9451D16F85A6900D26C99 /* pop_upload@2x.png */ = {isa = PBXFileReference; lastKnownFileType = image.png; path = "pop_upload@2x.png"; sourceTree = "<group>"; };
		9CA9451F16F85A6900D26C99 /* navibar_back@2x.png */ = {isa = PBXFileReference; lastKnownFileType = image.png; path = "navibar_back@2x.png"; sourceTree = "<group>"; };
		9CA9452016F85A6900D26C99 /* navibar_bg@2x.png */ = {isa = PBXFileReference; lastKnownFileType = image.png; path = "navibar_bg@2x.png"; sourceTree = "<group>"; };
		9CA9452116F85A6900D26C99 /* navibar_close@2x.png */ = {isa = PBXFileReference; lastKnownFileType = image.png; path = "navibar_close@2x.png"; sourceTree = "<group>"; };
		9CA9452216F85A6900D26C99 /* navibar_list@2x.png */ = {isa = PBXFileReference; lastKnownFileType = image.png; path = "navibar_list@2x.png"; sourceTree = "<group>"; };
		9CA9452316F85A6900D26C99 /* navibar_list_new@2x.png */ = {isa = PBXFileReference; lastKnownFileType = image.png; path = "navibar_list_new@2x.png"; sourceTree = "<group>"; };
		9CA9452416F85A6900D26C99 /* navibar_more_d@2x.png */ = {isa = PBXFileReference; lastKnownFileType = image.png; path = "navibar_more_d@2x.png"; sourceTree = "<group>"; };
		9CA9452516F85A6900D26C99 /* navibar_more_n@2x.png */ = {isa = PBXFileReference; lastKnownFileType = image.png; path = "navibar_more_n@2x.png"; sourceTree = "<group>"; };
		9CA9452716F85A6900D26C99 /* map@2x.png */ = {isa = PBXFileReference; lastKnownFileType = image.png; path = "map@2x.png"; sourceTree = "<group>"; };
		9CA9452816F85A6900D26C99 /* map_bg@2x.png */ = {isa = PBXFileReference; lastKnownFileType = image.png; path = "map_bg@2x.png"; sourceTree = "<group>"; };
		9CA9452A16F85A6900D26C99 /* side_album@2x.png */ = {isa = PBXFileReference; lastKnownFileType = image.png; path = "side_album@2x.png"; sourceTree = "<group>"; };
		9CA9452B16F85A6900D26C99 /* side_arrow@2x.png */ = {isa = PBXFileReference; lastKnownFileType = image.png; path = "side_arrow@2x.png"; sourceTree = "<group>"; };
		9CA9452C16F85A6900D26C99 /* side_bg@2x.png */ = {isa = PBXFileReference; lastKnownFileType = image.png; path = "side_bg@2x.png"; sourceTree = "<group>"; };
		9CA9452D16F85A6900D26C99 /* side_line@2x.png */ = {isa = PBXFileReference; lastKnownFileType = image.png; path = "side_line@2x.png"; sourceTree = "<group>"; };
		9CA9452E16F85A6900D26C99 /* side_logo@2x.png */ = {isa = PBXFileReference; lastKnownFileType = image.png; path = "side_logo@2x.png"; sourceTree = "<group>"; };
		9CA9452F16F85A6900D26C99 /* side_scan@2x.png */ = {isa = PBXFileReference; lastKnownFileType = image.png; path = "side_scan@2x.png"; sourceTree = "<group>"; };
		9CA9453016F85A6900D26C99 /* side_setting@2x.png */ = {isa = PBXFileReference; lastKnownFileType = image.png; path = "side_setting@2x.png"; sourceTree = "<group>"; };
		9CA9453216F85A6900D26C99 /* Default-568h@2x.png */ = {isa = PBXFileReference; lastKnownFileType = image.png; path = "Default-568h@2x.png"; sourceTree = "<group>"; };
		9CA9453316F85A6900D26C99 /* Default@2x.png */ = {isa = PBXFileReference; lastKnownFileType = image.png; path = "Default@2x.png"; sourceTree = "<group>"; };
		9CA9453416F85A6900D26C99 /* Icon@2x.png */ = {isa = PBXFileReference; lastKnownFileType = image.png; path = "Icon@2x.png"; sourceTree = "<group>"; };
		9CA9456D16F85DF200D26C99 /* NSManagedObjectContextAdditions.h */ = {isa = PBXFileReference; fileEncoding = 4; lastKnownFileType = sourcecode.c.h; path = NSManagedObjectContextAdditions.h; sourceTree = "<group>"; };
		9CA9456E16F85DF200D26C99 /* NSManagedObjectContextAdditions.m */ = {isa = PBXFileReference; fileEncoding = 4; lastKnownFileType = sourcecode.c.objc; path = NSManagedObjectContextAdditions.m; sourceTree = "<group>"; };
		9CA9456F16F85DF200D26C99 /* NSPersistentStoreCoordinatorAdditions.h */ = {isa = PBXFileReference; fileEncoding = 4; lastKnownFileType = sourcecode.c.h; path = NSPersistentStoreCoordinatorAdditions.h; sourceTree = "<group>"; };
		9CA9457016F85DF200D26C99 /* NSPersistentStoreCoordinatorAdditions.m */ = {isa = PBXFileReference; fileEncoding = 4; lastKnownFileType = sourcecode.c.objc; path = NSPersistentStoreCoordinatorAdditions.m; sourceTree = "<group>"; };
		9CA9457116F85DF200D26C99 /* NSStringAdditions.h */ = {isa = PBXFileReference; fileEncoding = 4; lastKnownFileType = sourcecode.c.h; path = NSStringAdditions.h; sourceTree = "<group>"; };
		9CA9457216F85DF200D26C99 /* NSStringAdditions.m */ = {isa = PBXFileReference; fileEncoding = 4; lastKnownFileType = sourcecode.c.objc; path = NSStringAdditions.m; sourceTree = "<group>"; };
		9CA9457316F85DF200D26C99 /* NSURLAdditions.h */ = {isa = PBXFileReference; fileEncoding = 4; lastKnownFileType = sourcecode.c.h; path = NSURLAdditions.h; sourceTree = "<group>"; };
		9CA9457416F85DF200D26C99 /* NSURLAdditions.m */ = {isa = PBXFileReference; fileEncoding = 4; lastKnownFileType = sourcecode.c.objc; path = NSURLAdditions.m; sourceTree = "<group>"; };
		9CA9457516F85DF200D26C99 /* UIBarButtonItemAdditions.h */ = {isa = PBXFileReference; fileEncoding = 4; lastKnownFileType = sourcecode.c.h; path = UIBarButtonItemAdditions.h; sourceTree = "<group>"; };
		9CA9457616F85DF200D26C99 /* UIBarButtonItemAdditions.m */ = {isa = PBXFileReference; fileEncoding = 4; lastKnownFileType = sourcecode.c.objc; path = UIBarButtonItemAdditions.m; sourceTree = "<group>"; };
		9CA9457716F85DF200D26C99 /* UIColorAdditions.h */ = {isa = PBXFileReference; fileEncoding = 4; lastKnownFileType = sourcecode.c.h; path = UIColorAdditions.h; sourceTree = "<group>"; };
		9CA9457816F85DF200D26C99 /* UIColorAdditions.m */ = {isa = PBXFileReference; fileEncoding = 4; lastKnownFileType = sourcecode.c.objc; path = UIColorAdditions.m; sourceTree = "<group>"; };
		9CA9457916F85DF200D26C99 /* UIDeviceAdditions.h */ = {isa = PBXFileReference; fileEncoding = 4; lastKnownFileType = sourcecode.c.h; path = UIDeviceAdditions.h; sourceTree = "<group>"; };
		9CA9457A16F85DF200D26C99 /* UIDeviceAdditions.m */ = {isa = PBXFileReference; fileEncoding = 4; lastKnownFileType = sourcecode.c.objc; path = UIDeviceAdditions.m; sourceTree = "<group>"; };
		9CA9457B16F85DF200D26C99 /* UINavigationControllerAdditions.h */ = {isa = PBXFileReference; fileEncoding = 4; lastKnownFileType = sourcecode.c.h; path = UINavigationControllerAdditions.h; sourceTree = "<group>"; };
		9CA9457C16F85DF200D26C99 /* UINavigationControllerAdditions.m */ = {isa = PBXFileReference; fileEncoding = 4; lastKnownFileType = sourcecode.c.objc; path = UINavigationControllerAdditions.m; sourceTree = "<group>"; };
		9CA9457D16F85DF200D26C99 /* UINavigationItemAdditions.h */ = {isa = PBXFileReference; fileEncoding = 4; lastKnownFileType = sourcecode.c.h; path = UINavigationItemAdditions.h; sourceTree = "<group>"; };
		9CA9457E16F85DF200D26C99 /* UINavigationItemAdditions.m */ = {isa = PBXFileReference; fileEncoding = 4; lastKnownFileType = sourcecode.c.objc; path = UINavigationItemAdditions.m; sourceTree = "<group>"; };
		9CA9458816F85F2600D26C99 /* QuartzCore.framework */ = {isa = PBXFileReference; lastKnownFileType = wrapper.framework; name = QuartzCore.framework; path = System/Library/Frameworks/QuartzCore.framework; sourceTree = SDKROOT; };
		9CA9458A16F85F3100D26C99 /* MapKit.framework */ = {isa = PBXFileReference; lastKnownFileType = wrapper.framework; name = MapKit.framework; path = System/Library/Frameworks/MapKit.framework; sourceTree = SDKROOT; };
		9CA9458D16F8643500D26C99 /* AFHTTPClient.h */ = {isa = PBXFileReference; fileEncoding = 4; lastKnownFileType = sourcecode.c.h; path = AFHTTPClient.h; sourceTree = "<group>"; };
		9CA9458E16F8643500D26C99 /* AFHTTPClient.m */ = {isa = PBXFileReference; fileEncoding = 4; lastKnownFileType = sourcecode.c.objc; path = AFHTTPClient.m; sourceTree = "<group>"; };
		9CA9458F16F8643500D26C99 /* AFHTTPRequestOperation.h */ = {isa = PBXFileReference; fileEncoding = 4; lastKnownFileType = sourcecode.c.h; path = AFHTTPRequestOperation.h; sourceTree = "<group>"; };
		9CA9459016F8643500D26C99 /* AFHTTPRequestOperation.m */ = {isa = PBXFileReference; fileEncoding = 4; lastKnownFileType = sourcecode.c.objc; path = AFHTTPRequestOperation.m; sourceTree = "<group>"; };
		9CA9459116F8643500D26C99 /* AFImageRequestOperation.h */ = {isa = PBXFileReference; fileEncoding = 4; lastKnownFileType = sourcecode.c.h; path = AFImageRequestOperation.h; sourceTree = "<group>"; };
		9CA9459216F8643500D26C99 /* AFImageRequestOperation.m */ = {isa = PBXFileReference; fileEncoding = 4; lastKnownFileType = sourcecode.c.objc; path = AFImageRequestOperation.m; sourceTree = "<group>"; };
		9CA9459316F8643500D26C99 /* AFJSONRequestOperation.h */ = {isa = PBXFileReference; fileEncoding = 4; lastKnownFileType = sourcecode.c.h; path = AFJSONRequestOperation.h; sourceTree = "<group>"; };
		9CA9459416F8643500D26C99 /* AFJSONRequestOperation.m */ = {isa = PBXFileReference; fileEncoding = 4; lastKnownFileType = sourcecode.c.objc; path = AFJSONRequestOperation.m; sourceTree = "<group>"; };
		9CA9459516F8643500D26C99 /* AFJSONUtilities.h */ = {isa = PBXFileReference; fileEncoding = 4; lastKnownFileType = sourcecode.c.h; path = AFJSONUtilities.h; sourceTree = "<group>"; };
		9CA9459616F8643500D26C99 /* AFJSONUtilities.m */ = {isa = PBXFileReference; fileEncoding = 4; lastKnownFileType = sourcecode.c.objc; path = AFJSONUtilities.m; sourceTree = "<group>"; };
		9CA9459716F8643500D26C99 /* AFNetworkActivityIndicatorManager.h */ = {isa = PBXFileReference; fileEncoding = 4; lastKnownFileType = sourcecode.c.h; path = AFNetworkActivityIndicatorManager.h; sourceTree = "<group>"; };
		9CA9459816F8643500D26C99 /* AFNetworkActivityIndicatorManager.m */ = {isa = PBXFileReference; fileEncoding = 4; lastKnownFileType = sourcecode.c.objc; path = AFNetworkActivityIndicatorManager.m; sourceTree = "<group>"; };
		9CA9459916F8643500D26C99 /* AFNetworking.h */ = {isa = PBXFileReference; fileEncoding = 4; lastKnownFileType = sourcecode.c.h; path = AFNetworking.h; sourceTree = "<group>"; };
		9CA9459A16F8643500D26C99 /* AFPropertyListRequestOperation.h */ = {isa = PBXFileReference; fileEncoding = 4; lastKnownFileType = sourcecode.c.h; path = AFPropertyListRequestOperation.h; sourceTree = "<group>"; };
		9CA9459B16F8643500D26C99 /* AFPropertyListRequestOperation.m */ = {isa = PBXFileReference; fileEncoding = 4; lastKnownFileType = sourcecode.c.objc; path = AFPropertyListRequestOperation.m; sourceTree = "<group>"; };
		9CA9459C16F8643500D26C99 /* AFURLConnectionOperation.h */ = {isa = PBXFileReference; fileEncoding = 4; lastKnownFileType = sourcecode.c.h; path = AFURLConnectionOperation.h; sourceTree = "<group>"; };
		9CA9459D16F8643500D26C99 /* AFURLConnectionOperation.m */ = {isa = PBXFileReference; fileEncoding = 4; lastKnownFileType = sourcecode.c.objc; path = AFURLConnectionOperation.m; sourceTree = "<group>"; };
		9CA9459E16F8643500D26C99 /* AFXMLRequestOperation.h */ = {isa = PBXFileReference; fileEncoding = 4; lastKnownFileType = sourcecode.c.h; path = AFXMLRequestOperation.h; sourceTree = "<group>"; };
		9CA9459F16F8643500D26C99 /* AFXMLRequestOperation.m */ = {isa = PBXFileReference; fileEncoding = 4; lastKnownFileType = sourcecode.c.objc; path = AFXMLRequestOperation.m; sourceTree = "<group>"; };
		9CA945A016F8643500D26C99 /* UIImageView+AFNetworking.h */ = {isa = PBXFileReference; fileEncoding = 4; lastKnownFileType = sourcecode.c.h; path = "UIImageView+AFNetworking.h"; sourceTree = "<group>"; };
		9CA945A116F8643500D26C99 /* UIImageView+AFNetworking.m */ = {isa = PBXFileReference; fileEncoding = 4; lastKnownFileType = sourcecode.c.objc; path = "UIImageView+AFNetworking.m"; sourceTree = "<group>"; };
		9CA945A316F8643500D26C99 /* CHANGELOG.md */ = {isa = PBXFileReference; fileEncoding = 4; lastKnownFileType = text; path = CHANGELOG.md; sourceTree = "<group>"; };
		9CA945A416F8643500D26C99 /* JSONKit.h */ = {isa = PBXFileReference; fileEncoding = 4; lastKnownFileType = sourcecode.c.h; path = JSONKit.h; sourceTree = "<group>"; };
		9CA945A516F8643500D26C99 /* JSONKit.m */ = {isa = PBXFileReference; fileEncoding = 4; lastKnownFileType = sourcecode.c.objc; path = JSONKit.m; sourceTree = "<group>"; };
		9CA945A616F8643500D26C99 /* README.md */ = {isa = PBXFileReference; fileEncoding = 4; lastKnownFileType = text; path = README.md; sourceTree = "<group>"; };
		9CA945A816F8643500D26C99 /* MBProgressHUD.h */ = {isa = PBXFileReference; fileEncoding = 4; lastKnownFileType = sourcecode.c.h; path = MBProgressHUD.h; sourceTree = "<group>"; };
		9CA945A916F8643500D26C99 /* MBProgressHUD.m */ = {isa = PBXFileReference; fileEncoding = 4; lastKnownFileType = sourcecode.c.objc; path = MBProgressHUD.m; sourceTree = "<group>"; };
		9CA945B816F864C000D26C99 /* MLConfig.h */ = {isa = PBXFileReference; fileEncoding = 4; lastKnownFileType = sourcecode.c.h; path = MLConfig.h; sourceTree = "<group>"; };
		9CA945B916F864C000D26C99 /* MLLog.h */ = {isa = PBXFileReference; fileEncoding = 4; lastKnownFileType = sourcecode.c.h; path = MLLog.h; sourceTree = "<group>"; };
		9CA945BA16F864C000D26C99 /* MoLearn.h */ = {isa = PBXFileReference; fileEncoding = 4; lastKnownFileType = sourcecode.c.h; path = MoLearn.h; sourceTree = "<group>"; };
		9CA945BD16F866D500D26C99 /* CoreData.framework */ = {isa = PBXFileReference; lastKnownFileType = wrapper.framework; name = CoreData.framework; path = System/Library/Frameworks/CoreData.framework; sourceTree = SDKROOT; };
		9CA945BF16F86B5B00D26C99 /* MLSlpashViewController.h */ = {isa = PBXFileReference; fileEncoding = 4; lastKnownFileType = sourcecode.c.h; path = MLSlpashViewController.h; sourceTree = "<group>"; };
		9CA945C016F86B5B00D26C99 /* MLSlpashViewController.m */ = {isa = PBXFileReference; fileEncoding = 4; lastKnownFileType = sourcecode.c.objc; path = MLSlpashViewController.m; sourceTree = "<group>"; };
		9CA945C516F86BE800D26C99 /* MLHomeViewController.h */ = {isa = PBXFileReference; fileEncoding = 4; lastKnownFileType = sourcecode.c.h; path = MLHomeViewController.h; sourceTree = "<group>"; };
		9CA945C616F86BE800D26C99 /* MLHomeViewController.m */ = {isa = PBXFileReference; fileEncoding = 4; lastKnownFileType = sourcecode.c.objc; path = MLHomeViewController.m; sourceTree = "<group>"; };
		9CA945C816F86BF200D26C99 /* MLSearchViewController.h */ = {isa = PBXFileReference; fileEncoding = 4; lastKnownFileType = sourcecode.c.h; path = MLSearchViewController.h; sourceTree = "<group>"; };
		9CA945C916F86BF200D26C99 /* MLSearchViewController.m */ = {isa = PBXFileReference; fileEncoding = 4; lastKnownFileType = sourcecode.c.objc; path = MLSearchViewController.m; sourceTree = "<group>"; };
		9CA945CB16F86C0900D26C99 /* MLFavouritesViewController.h */ = {isa = PBXFileReference; fileEncoding = 4; lastKnownFileType = sourcecode.c.h; path = MLFavouritesViewController.h; sourceTree = "<group>"; };
		9CA945CC16F86C0900D26C99 /* MLFavouritesViewController.m */ = {isa = PBXFileReference; fileEncoding = 4; lastKnownFileType = sourcecode.c.objc; path = MLFavouritesViewController.m; sourceTree = "<group>"; };
		9CA945CE16F86C1700D26C99 /* MLSettingViewController.h */ = {isa = PBXFileReference; fileEncoding = 4; lastKnownFileType = sourcecode.c.h; path = MLSettingViewController.h; sourceTree = "<group>"; };
		9CA945CF16F86C1700D26C99 /* MLSettingViewController.m */ = {isa = PBXFileReference; fileEncoding = 4; lastKnownFileType = sourcecode.c.objc; path = MLSettingViewController.m; sourceTree = "<group>"; };
		9CA945D116F86C5400D26C99 /* MLTabViewController.h */ = {isa = PBXFileReference; fileEncoding = 4; lastKnownFileType = sourcecode.c.h; path = MLTabViewController.h; sourceTree = "<group>"; };
		9CA945D216F86C5400D26C99 /* MLTabViewController.m */ = {isa = PBXFileReference; fileEncoding = 4; lastKnownFileType = sourcecode.c.objc; path = MLTabViewController.m; sourceTree = "<group>"; };
		9CB63469171D570E0077FCE0 /* AVFoundation.framework */ = {isa = PBXFileReference; lastKnownFileType = wrapper.framework; name = AVFoundation.framework; path = System/Library/Frameworks/AVFoundation.framework; sourceTree = SDKROOT; };
		9CC4452F170AB35600616859 /* MLPinAnnotationView.h */ = {isa = PBXFileReference; fileEncoding = 4; lastKnownFileType = sourcecode.c.h; name = MLPinAnnotationView.h; path = Map/MLPinAnnotationView.h; sourceTree = "<group>"; };
		9CC44530170AB35600616859 /* MLPinAnnotationView.m */ = {isa = PBXFileReference; fileEncoding = 4; lastKnownFileType = sourcecode.c.objc; name = MLPinAnnotationView.m; path = Map/MLPinAnnotationView.m; sourceTree = "<group>"; };
		9CC44533170AE25100616859 /* MLFileManage.h */ = {isa = PBXFileReference; fileEncoding = 4; lastKnownFileType = sourcecode.c.h; path = MLFileManage.h; sourceTree = "<group>"; };
		9CC44534170AE25100616859 /* MLFileManage.m */ = {isa = PBXFileReference; fileEncoding = 4; lastKnownFileType = sourcecode.c.objc; path = MLFileManage.m; sourceTree = "<group>"; };
/* End PBXFileReference section */

/* Begin PBXFrameworksBuildPhase section */
		9CA944CA16F8457F00D26C99 /* Frameworks */ = {
			isa = PBXFrameworksBuildPhase;
			buildActionMask = 2147483647;
			files = (
				9CB6346A171D570E0077FCE0 /* AVFoundation.framework in Frameworks */,
				9CA8253B17044209004C805C /* MapKit.framework in Frameworks */,
				9CA8253A170440D8004C805C /* CoreLocation.framework in Frameworks */,
				9C92112616FFF395005DD890 /* MediaPlayer.framework in Frameworks */,
				9CA945BE16F866D500D26C99 /* CoreData.framework in Frameworks */,
				9CA9458916F85F2600D26C99 /* QuartzCore.framework in Frameworks */,
				9CA944D116F8457F00D26C99 /* UIKit.framework in Frameworks */,
				9CA944D316F8457F00D26C99 /* Foundation.framework in Frameworks */,
				9CA944D516F8457F00D26C99 /* CoreGraphics.framework in Frameworks */,
			);
			runOnlyForDeploymentPostprocessing = 0;
		};
/* End PBXFrameworksBuildPhase section */

/* Begin PBXGroup section */
		9C92111516FAFBE1005DD890 /* Tab_icon */ = {
			isa = PBXGroup;
			children = (
				9C92111616FAFBE1005DD890 /* about@2x.png */,
				9C92111716FAFBE1005DD890 /* favorites@2x.png */,
				9C92111816FAFBE1005DD890 /* home@2x.png */,
				9C92111916FAFBE1005DD890 /* search@2x.png */,
			);
			path = Tab_icon;
			sourceTree = "<group>";
		};
		9C92112116FFEF35005DD890 /* Audios */ = {
			isa = PBXGroup;
			children = (
				9C921129170000AA005DD890 /* music.mp3 */,
				9C92112216FFEF8B005DD890 /* MLAudioPlay.h */,
				9C92112316FFEF8B005DD890 /* MLAudioPlay.m */,
				9C92112B17005201005DD890 /* MLAudioDownder.h */,
				9C92112C17005201005DD890 /* MLAudioDownder.m */,
			);
			name = Audios;
			sourceTree = "<group>";
		};
		9CA8251017017B08004C805C /* OtherController */ = {
			isa = PBXGroup;
			children = (
				9CA945BF16F86B5B00D26C99 /* MLSlpashViewController.h */,
				9CA945C016F86B5B00D26C99 /* MLSlpashViewController.m */,
				9CA8252D170426F7004C805C /* MLPersonalizedSettingViewController.h */,
				9CA8252E170426F8004C805C /* MLPersonalizedSettingViewController.m */,
				9CA8250A170179B7004C805C /* MLLoginViewController.h */,
				9CA8250B170179B7004C805C /* MLLoginViewController.m */,
				9CA8250D170179DE004C805C /* MLRegisterViewController.h */,
				9CA8250E170179DE004C805C /* MLRegisterViewController.m */,
				9CA825141703E2F4004C805C /* MLShopListViewController.h */,
				9CA825151703E2F4004C805C /* MLShopListViewController.m */,
				9CA825181703E320004C805C /* MLShopDetailViewController.m */,
				9CA825171703E320004C805C /* MLShopDetailViewController.h */,
				9CA825201703EE13004C805C /* MLMapViewController.h */,
				9CA825211703EE13004C805C /* MLMapViewController.m */,
				9CA8251A1703E51A004C805C /* MLShopMenuViewController.h */,
				9CA8251B1703E51A004C805C /* MLShopMenuViewController.m */,
				9CA8251D1703E551004C805C /* MLShopOrderedMenuViewController.h */,
				9CA8251E1703E551004C805C /* MLShopOrderedMenuViewController.m */,
				9CA8252A17042652004C805C /* MLLanguageSelectViewController.h */,
				9CA8252B17042653004C805C /* MLLanguageSelectViewController.m */,
				9CA8253017042B0F004C805C /* MLSceneSelectViewController.h */,
				9CA8253117042B10004C805C /* MLSceneSelectViewController.m */,
				9CA8253317042D9F004C805C /* MLSentenceStudyViewController.h */,
				9CA8253417042DA0004C805C /* MLSentenceStudyViewController.m */,
			);
			name = OtherController;
			sourceTree = "<group>";
		};
		9CA8253C170977A8004C805C /* Map */ = {
			isa = PBXGroup;
			children = (
				9CA8253617043FA5004C805C /* MLLocationManage.h */,
				9CA8253717043FA5004C805C /* MLLocationManage.m */,
				9CA8253D170977D8004C805C /* MLAnnotation.h */,
				9CA8253E170977D8004C805C /* MLAnnotation.m */,
			);
			name = Map;
			sourceTree = "<group>";
		};
		9CA944C416F8457F00D26C99 = {
			isa = PBXGroup;
			children = (
				9CB63469171D570E0077FCE0 /* AVFoundation.framework */,
				9CA82539170440D8004C805C /* CoreLocation.framework */,
				9CA944EF16F8586900D26C99 /* Classes */,
				9CA944D616F8457F00D26C99 /* Molearn */,
				9CA944CF16F8457F00D26C99 /* Frameworks */,
				9CA944CE16F8457F00D26C99 /* Products */,
			);
			sourceTree = "<group>";
		};
		9CA944CE16F8457F00D26C99 /* Products */ = {
			isa = PBXGroup;
			children = (
				9CA944CD16F8457F00D26C99 /* Molearn.app */,
			);
			name = Products;
			sourceTree = "<group>";
		};
		9CA944CF16F8457F00D26C99 /* Frameworks */ = {
			isa = PBXGroup;
			children = (
				9CA9458C16F8643500D26C99 /* AFNetworking-2012.9.14 */,
				9CA945A216F8643500D26C99 /* JSONKit-2011.12.18 */,
				9CA945A716F8643500D26C99 /* MBProgressHUD v0.5 */,
				9C92112516FFF395005DD890 /* MediaPlayer.framework */,
				9CA945BD16F866D500D26C99 /* CoreData.framework */,
				9CA9458A16F85F3100D26C99 /* MapKit.framework */,
				9CA9458816F85F2600D26C99 /* QuartzCore.framework */,
				9CA944D016F8457F00D26C99 /* UIKit.framework */,
				9CA944D216F8457F00D26C99 /* Foundation.framework */,
				9CA944D416F8457F00D26C99 /* CoreGraphics.framework */,
			);
			name = Frameworks;
			sourceTree = "<group>";
		};
		9CA944D616F8457F00D26C99 /* Molearn */ = {
			isa = PBXGroup;
			children = (
				9CA944DF16F8457F00D26C99 /* MLAppDelegate.h */,
				9CA944E016F8457F00D26C99 /* MLAppDelegate.m */,
				9CA944F516F85A6900D26C99 /* Resources */,
				9CA944D716F8457F00D26C99 /* Supporting Files */,
			);
			path = Molearn;
			sourceTree = "<group>";
		};
		9CA944D716F8457F00D26C99 /* Supporting Files */ = {
			isa = PBXGroup;
			children = (
				9CA944D816F8457F00D26C99 /* Molearn-Info.plist */,
				9CA944D916F8457F00D26C99 /* InfoPlist.strings */,
				9CA944DC16F8457F00D26C99 /* main.m */,
				9CA944DE16F8457F00D26C99 /* Molearn-Prefix.pch */,
				9CA944E216F8457F00D26C99 /* Default.png */,
				9CA944E416F8457F00D26C99 /* Default@2x.png */,
				9CA944E616F8457F00D26C99 /* Default-568h@2x.png */,
			);
			name = "Supporting Files";
			sourceTree = "<group>";
		};
		9CA944EF16F8586900D26C99 /* Classes */ = {
			isa = PBXGroup;
			children = (
				9CA945B816F864C000D26C99 /* MLConfig.h */,
				9CA945B916F864C000D26C99 /* MLLog.h */,
				9CA945BA16F864C000D26C99 /* MoLearn.h */,
				9CA944F016F8586900D26C99 /* Additions */,
				9CA944F116F8586900D26C99 /* Model */,
				9CA944F216F8586900D26C99 /* Network */,
				9CA944F316F8586900D26C99 /* UI */,
				9CA944F416F8586900D26C99 /* Util */,
			);
			path = Classes;
			sourceTree = "<group>";
		};
		9CA944F016F8586900D26C99 /* Additions */ = {
			isa = PBXGroup;
			children = (
				9CA9456D16F85DF200D26C99 /* NSManagedObjectContextAdditions.h */,
				9CA9456E16F85DF200D26C99 /* NSManagedObjectContextAdditions.m */,
				9CA9456F16F85DF200D26C99 /* NSPersistentStoreCoordinatorAdditions.h */,
				9CA9457016F85DF200D26C99 /* NSPersistentStoreCoordinatorAdditions.m */,
				9CA9457116F85DF200D26C99 /* NSStringAdditions.h */,
				9CA9457216F85DF200D26C99 /* NSStringAdditions.m */,
				9CA9457316F85DF200D26C99 /* NSURLAdditions.h */,
				9CA9457416F85DF200D26C99 /* NSURLAdditions.m */,
				9CA9457516F85DF200D26C99 /* UIBarButtonItemAdditions.h */,
				9CA9457616F85DF200D26C99 /* UIBarButtonItemAdditions.m */,
				9CA9457716F85DF200D26C99 /* UIColorAdditions.h */,
				9CA9457816F85DF200D26C99 /* UIColorAdditions.m */,
				9CA9457916F85DF200D26C99 /* UIDeviceAdditions.h */,
				9CA9457A16F85DF200D26C99 /* UIDeviceAdditions.m */,
				9CA9457B16F85DF200D26C99 /* UINavigationControllerAdditions.h */,
				9CA9457C16F85DF200D26C99 /* UINavigationControllerAdditions.m */,
				9CA9457D16F85DF200D26C99 /* UINavigationItemAdditions.h */,
				9CA9457E16F85DF200D26C99 /* UINavigationItemAdditions.m */,
			);
			path = Additions;
			sourceTree = "<group>";
		};
		9CA944F116F8586900D26C99 /* Model */ = {
			isa = PBXGroup;
			children = (
				9C92111E16FC273D005DD890 /* Model.xcdatamodeld */,
			);
			path = Model;
			sourceTree = "<group>";
		};
		9CA944F216F8586900D26C99 /* Network */ = {
			isa = PBXGroup;
			children = (
				9CA8251117018BB7004C805C /* MLHTTPClient.h */,
				9CA8251217018BB7004C805C /* MLHTTPClient.m */,
			);
			path = Network;
			sourceTree = "<group>";
		};
		9CA944F316F8586900D26C99 /* UI */ = {
			isa = PBXGroup;
			children = (
				9CA9456B16F85DCA00D26C99 /* Controllers */,
				9CA9456C16F85DCA00D26C99 /* Views */,
			);
			path = UI;
			sourceTree = "<group>";
		};
		9CA944F416F8586900D26C99 /* Util */ = {
			isa = PBXGroup;
			children = (
				9CC44533170AE25100616859 /* MLFileManage.h */,
				9CC44534170AE25100616859 /* MLFileManage.m */,
				9CA8253C170977A8004C805C /* Map */,
				9C92112116FFEF35005DD890 /* Audios */,
			);
			path = Util;
			sourceTree = "<group>";
		};
		9CA944F516F85A6900D26C99 /* Resources */ = {
			isa = PBXGroup;
			children = (
				9C92111516FAFBE1005DD890 /* Tab_icon */,
				9CA944F616F85A6900D26C99 /* Background */,
				9CA9450516F85A6900D26C99 /* Button */,
				9CA9451016F85A6900D26C99 /* Icon */,
				9CA9451416F85A6900D26C99 /* Intro */,
				9CA9451816F85A6900D26C99 /* Menu */,
				9CA9451E16F85A6900D26C99 /* Navigation */,
				9CA9452616F85A6900D26C99 /* Scan */,
				9CA9452916F85A6900D26C99 /* Sidebar */,
				9CA9453116F85A6900D26C99 /* System */,
			);
			path = Resources;
			sourceTree = "<group>";
		};
		9CA944F616F85A6900D26C99 /* Background */ = {
			isa = PBXGroup;
			children = (
				9CA944F716F85A6900D26C99 /* checkbox_n@2x.png */,
				9CA944F816F85A6900D26C99 /* checkbox_s@2x.png */,
				9CA944F916F85A6900D26C99 /* intro_logo@2x.png */,
				9CA944FA16F85A6900D26C99 /* line_dash@2x.png */,
				9CA944FB16F85A6900D26C99 /* main_bg@2x.png */,
				9CA944FC16F85A6900D26C99 /* main_line@2x.png */,
				9CA944FD16F85A6900D26C99 /* photo_locationsmall@2x.png */,
				9CA944FE16F85A6900D26C99 /* photo_mask@2x.png */,
				9CA944FF16F85A6900D26C99 /* phototab_arrow@2x.png */,
				9CA9450016F85A6900D26C99 /* phototab_bg@2x.png */,
				9CA9450116F85A6900D26C99 /* side_number@2x.png */,
				9CA9450216F85A6900D26C99 /* upload_bg@2x.png */,
				9CA9450316F85A6900D26C99 /* upload_progress@2x.png */,
				9CA9450416F85A6900D26C99 /* write_bg@2x.png */,
			);
			path = Background;
			sourceTree = "<group>";
		};
		9CA9450516F85A6900D26C99 /* Button */ = {
			isa = PBXGroup;
			children = (
				9CA9450616F85A6900D26C99 /* btn_white_n@2x.png */,
				9CA9450716F85A6900D26C99 /* btn_white_p@2x.png */,
				9CA9450816F85A6900D26C99 /* btn_yellow_d@2x.png */,
				9CA9450916F85A6900D26C99 /* btn_yellow_n@2x.png */,
				9CA9450A16F85A6900D26C99 /* btn_yellow_p@2x.png */,
				9CA9450B16F85A6900D26C99 /* photo_close@2x.png */,
				9CA9450C16F85A6900D26C99 /* photo_location@2x.png */,
				9CA9450D16F85A6900D26C99 /* photo_write@2x.png */,
				9CA9450E16F85A6900D26C99 /* write_weibo_a@2x.png */,
				9CA9450F16F85A6900D26C99 /* write_weibo_n@2x.png */,
			);
			path = Button;
			sourceTree = "<group>";
		};
		9CA9451016F85A6900D26C99 /* Icon */ = {
			isa = PBXGroup;
			children = (
				9CA9451116F85A6900D26C99 /* app_cityguide@2x.png */,
				9CA9451216F85A6900D26C99 /* app_lvping@2x.png */,
				9CA9451316F85A6900D26C99 /* icon_weibo@2x.png */,
			);
			path = Icon;
			sourceTree = "<group>";
		};
		9CA9451416F85A6900D26C99 /* Intro */ = {
			isa = PBXGroup;
			children = (
				9CA9451516F85A6900D26C99 /* intro1@2x.png */,
				9CA9451616F85A6900D26C99 /* intro2@2x.png */,
				9CA9451716F85A6900D26C99 /* intro3@2x.png */,
			);
			path = Intro;
			sourceTree = "<group>";
		};
		9CA9451816F85A6900D26C99 /* Menu */ = {
			isa = PBXGroup;
			children = (
				9CA9451916F85A6900D26C99 /* pop_cancel@2x.png */,
				9CA9451A16F85A6900D26C99 /* pop_delete@2x.png */,
				9CA9451B16F85A6900D26C99 /* pop_line@2x.png */,
				9CA9451C16F85A6900D26C99 /* pop_location@2x.png */,
				9CA9451D16F85A6900D26C99 /* pop_upload@2x.png */,
			);
			path = Menu;
			sourceTree = "<group>";
		};
		9CA9451E16F85A6900D26C99 /* Navigation */ = {
			isa = PBXGroup;
			children = (
				9CA9451F16F85A6900D26C99 /* navibar_back@2x.png */,
				9CA9452016F85A6900D26C99 /* navibar_bg@2x.png */,
				9CA9452116F85A6900D26C99 /* navibar_close@2x.png */,
				9CA9452216F85A6900D26C99 /* navibar_list@2x.png */,
				9CA9452316F85A6900D26C99 /* navibar_list_new@2x.png */,
				9CA9452416F85A6900D26C99 /* navibar_more_d@2x.png */,
				9CA9452516F85A6900D26C99 /* navibar_more_n@2x.png */,
			);
			path = Navigation;
			sourceTree = "<group>";
		};
		9CA9452616F85A6900D26C99 /* Scan */ = {
			isa = PBXGroup;
			children = (
				9CA9452716F85A6900D26C99 /* map@2x.png */,
				9CA9452816F85A6900D26C99 /* map_bg@2x.png */,
			);
			path = Scan;
			sourceTree = "<group>";
		};
		9CA9452916F85A6900D26C99 /* Sidebar */ = {
			isa = PBXGroup;
			children = (
				9CA9452A16F85A6900D26C99 /* side_album@2x.png */,
				9CA9452B16F85A6900D26C99 /* side_arrow@2x.png */,
				9CA9452C16F85A6900D26C99 /* side_bg@2x.png */,
				9CA9452D16F85A6900D26C99 /* side_line@2x.png */,
				9CA9452E16F85A6900D26C99 /* side_logo@2x.png */,
				9CA9452F16F85A6900D26C99 /* side_scan@2x.png */,
				9CA9453016F85A6900D26C99 /* side_setting@2x.png */,
			);
			path = Sidebar;
			sourceTree = "<group>";
		};
		9CA9453116F85A6900D26C99 /* System */ = {
			isa = PBXGroup;
			children = (
				9CA9453216F85A6900D26C99 /* Default-568h@2x.png */,
				9CA9453316F85A6900D26C99 /* Default@2x.png */,
				9CA9453416F85A6900D26C99 /* Icon@2x.png */,
			);
			path = System;
			sourceTree = "<group>";
		};
		9CA9456B16F85DCA00D26C99 /* Controllers */ = {
			isa = PBXGroup;
			children = (
				9CA8251017017B08004C805C /* OtherController */,
				9CA945D416F86D9500D26C99 /* MainControllers */,
			);
			path = Controllers;
			sourceTree = "<group>";
		};
		9CA9456C16F85DCA00D26C99 /* Views */ = {
			isa = PBXGroup;
			children = (
				9CC44532170AB36200616859 /* Map */,
			);
			path = Views;
			sourceTree = "<group>";
		};
		9CA9458C16F8643500D26C99 /* AFNetworking-2012.9.14 */ = {
			isa = PBXGroup;
			children = (
				9CA9458D16F8643500D26C99 /* AFHTTPClient.h */,
				9CA9458E16F8643500D26C99 /* AFHTTPClient.m */,
				9CA9458F16F8643500D26C99 /* AFHTTPRequestOperation.h */,
				9CA9459016F8643500D26C99 /* AFHTTPRequestOperation.m */,
				9CA9459116F8643500D26C99 /* AFImageRequestOperation.h */,
				9CA9459216F8643500D26C99 /* AFImageRequestOperation.m */,
				9CA9459316F8643500D26C99 /* AFJSONRequestOperation.h */,
				9CA9459416F8643500D26C99 /* AFJSONRequestOperation.m */,
				9CA9459516F8643500D26C99 /* AFJSONUtilities.h */,
				9CA9459616F8643500D26C99 /* AFJSONUtilities.m */,
				9CA9459716F8643500D26C99 /* AFNetworkActivityIndicatorManager.h */,
				9CA9459816F8643500D26C99 /* AFNetworkActivityIndicatorManager.m */,
				9CA9459916F8643500D26C99 /* AFNetworking.h */,
				9CA9459A16F8643500D26C99 /* AFPropertyListRequestOperation.h */,
				9CA9459B16F8643500D26C99 /* AFPropertyListRequestOperation.m */,
				9CA9459C16F8643500D26C99 /* AFURLConnectionOperation.h */,
				9CA9459D16F8643500D26C99 /* AFURLConnectionOperation.m */,
				9CA9459E16F8643500D26C99 /* AFXMLRequestOperation.h */,
				9CA9459F16F8643500D26C99 /* AFXMLRequestOperation.m */,
				9CA945A016F8643500D26C99 /* UIImageView+AFNetworking.h */,
				9CA945A116F8643500D26C99 /* UIImageView+AFNetworking.m */,
			);
			name = "AFNetworking-2012.9.14";
			path = "Frameworks/AFNetworking-2012.9.14";
			sourceTree = "<group>";
		};
		9CA945A216F8643500D26C99 /* JSONKit-2011.12.18 */ = {
			isa = PBXGroup;
			children = (
				9CA945A316F8643500D26C99 /* CHANGELOG.md */,
				9CA945A416F8643500D26C99 /* JSONKit.h */,
				9CA945A516F8643500D26C99 /* JSONKit.m */,
				9CA945A616F8643500D26C99 /* README.md */,
			);
			name = "JSONKit-2011.12.18";
			path = "Frameworks/JSONKit-2011.12.18";
			sourceTree = "<group>";
		};
		9CA945A716F8643500D26C99 /* MBProgressHUD v0.5 */ = {
			isa = PBXGroup;
			children = (
				9CA945A816F8643500D26C99 /* MBProgressHUD.h */,
				9CA945A916F8643500D26C99 /* MBProgressHUD.m */,
			);
			name = "MBProgressHUD v0.5";
			path = "Frameworks/MBProgressHUD v0.5";
			sourceTree = "<group>";
		};
		9CA945D416F86D9500D26C99 /* MainControllers */ = {
			isa = PBXGroup;
			children = (
				9CA945D116F86C5400D26C99 /* MLTabViewController.h */,
				9CA945D216F86C5400D26C99 /* MLTabViewController.m */,
				9CA945C516F86BE800D26C99 /* MLHomeViewController.h */,
				9CA945C616F86BE800D26C99 /* MLHomeViewController.m */,
				9CA945C816F86BF200D26C99 /* MLSearchViewController.h */,
				9CA945C916F86BF200D26C99 /* MLSearchViewController.m */,
				9CA945CB16F86C0900D26C99 /* MLFavouritesViewController.h */,
				9CA945CC16F86C0900D26C99 /* MLFavouritesViewController.m */,
				9CA945CE16F86C1700D26C99 /* MLSettingViewController.h */,
				9CA945CF16F86C1700D26C99 /* MLSettingViewController.m */,
			);
			name = MainControllers;
			sourceTree = "<group>";
		};
		9CC44532170AB36200616859 /* Map */ = {
			isa = PBXGroup;
			children = (
				9CC4452F170AB35600616859 /* MLPinAnnotationView.h */,
				9CC44530170AB35600616859 /* MLPinAnnotationView.m */,
			);
			name = Map;
			sourceTree = "<group>";
		};
/* End PBXGroup section */

/* Begin PBXNativeTarget section */
		9CA944CC16F8457F00D26C99 /* Molearn */ = {
			isa = PBXNativeTarget;
			buildConfigurationList = 9CA944EA16F8457F00D26C99 /* Build configuration list for PBXNativeTarget "Molearn" */;
			buildPhases = (
				9CA944C916F8457F00D26C99 /* Sources */,
				9CA944CA16F8457F00D26C99 /* Frameworks */,
				9CA944CB16F8457F00D26C99 /* Resources */,
			);
			buildRules = (
			);
			dependencies = (
			);
			name = Molearn;
			productName = Molearn;
			productReference = 9CA944CD16F8457F00D26C99 /* Molearn.app */;
			productType = "com.apple.product-type.application";
		};
/* End PBXNativeTarget section */

/* Begin PBXProject section */
		9CA944C516F8457F00D26C99 /* Project object */ = {
			isa = PBXProject;
			attributes = {
				CLASSPREFIX = ML;
				LastUpgradeCheck = 0460;
				ORGANIZATIONNAME = cj;
			};
			buildConfigurationList = 9CA944C816F8457F00D26C99 /* Build configuration list for PBXProject "Molearn" */;
			compatibilityVersion = "Xcode 3.2";
			developmentRegion = English;
			hasScannedForEncodings = 0;
			knownRegions = (
				en,
			);
			mainGroup = 9CA944C416F8457F00D26C99;
			productRefGroup = 9CA944CE16F8457F00D26C99 /* Products */;
			projectDirPath = "";
			projectRoot = "";
			targets = (
				9CA944CC16F8457F00D26C99 /* Molearn */,
			);
		};
/* End PBXProject section */

/* Begin PBXResourcesBuildPhase section */
		9CA944CB16F8457F00D26C99 /* Resources */ = {
			isa = PBXResourcesBuildPhase;
			buildActionMask = 2147483647;
			files = (
				9CA944DB16F8457F00D26C99 /* InfoPlist.strings in Resources */,
				9CA944E316F8457F00D26C99 /* Default.png in Resources */,
				9CA944E516F8457F00D26C99 /* Default@2x.png in Resources */,
				9CA944E716F8457F00D26C99 /* Default-568h@2x.png in Resources */,
				9CA9453516F85A6900D26C99 /* checkbox_n@2x.png in Resources */,
				9CA9453616F85A6900D26C99 /* checkbox_s@2x.png in Resources */,
				9CA9453716F85A6900D26C99 /* intro_logo@2x.png in Resources */,
				9CA9453816F85A6900D26C99 /* line_dash@2x.png in Resources */,
				9CA9453916F85A6900D26C99 /* main_bg@2x.png in Resources */,
				9CA9453A16F85A6900D26C99 /* main_line@2x.png in Resources */,
				9CA9453B16F85A6900D26C99 /* photo_locationsmall@2x.png in Resources */,
				9CA9453C16F85A6900D26C99 /* photo_mask@2x.png in Resources */,
				9CA9453D16F85A6900D26C99 /* phototab_arrow@2x.png in Resources */,
				9CA9453E16F85A6900D26C99 /* phototab_bg@2x.png in Resources */,
				9CA9453F16F85A6900D26C99 /* side_number@2x.png in Resources */,
				9CA9454016F85A6900D26C99 /* upload_bg@2x.png in Resources */,
				9CA9454116F85A6900D26C99 /* upload_progress@2x.png in Resources */,
				9CA9454216F85A6900D26C99 /* write_bg@2x.png in Resources */,
				9CA9454316F85A6900D26C99 /* btn_white_n@2x.png in Resources */,
				9CA9454416F85A6900D26C99 /* btn_white_p@2x.png in Resources */,
				9CA9454516F85A6900D26C99 /* btn_yellow_d@2x.png in Resources */,
				9CA9454616F85A6900D26C99 /* btn_yellow_n@2x.png in Resources */,
				9CA9454716F85A6900D26C99 /* btn_yellow_p@2x.png in Resources */,
				9CA9454816F85A6900D26C99 /* photo_close@2x.png in Resources */,
				9CA9454916F85A6900D26C99 /* photo_location@2x.png in Resources */,
				9CA9454A16F85A6900D26C99 /* photo_write@2x.png in Resources */,
				9CA9454B16F85A6900D26C99 /* write_weibo_a@2x.png in Resources */,
				9CA9454C16F85A6900D26C99 /* write_weibo_n@2x.png in Resources */,
				9CA9454D16F85A6900D26C99 /* app_cityguide@2x.png in Resources */,
				9CA9454E16F85A6900D26C99 /* app_lvping@2x.png in Resources */,
				9CA9454F16F85A6900D26C99 /* icon_weibo@2x.png in Resources */,
				9CA9455016F85A6900D26C99 /* intro1@2x.png in Resources */,
				9CA9455116F85A6900D26C99 /* intro2@2x.png in Resources */,
				9CA9455216F85A6900D26C99 /* intro3@2x.png in Resources */,
				9CA9455316F85A6900D26C99 /* pop_cancel@2x.png in Resources */,
				9CA9455416F85A6900D26C99 /* pop_delete@2x.png in Resources */,
				9CA9455516F85A6900D26C99 /* pop_line@2x.png in Resources */,
				9CA9455616F85A6900D26C99 /* pop_location@2x.png in Resources */,
				9CA9455716F85A6900D26C99 /* pop_upload@2x.png in Resources */,
				9CA9455816F85A6900D26C99 /* navibar_back@2x.png in Resources */,
				9CA9455916F85A6900D26C99 /* navibar_bg@2x.png in Resources */,
				9CA9455A16F85A6900D26C99 /* navibar_close@2x.png in Resources */,
				9CA9455B16F85A6900D26C99 /* navibar_list@2x.png in Resources */,
				9CA9455C16F85A6900D26C99 /* navibar_list_new@2x.png in Resources */,
				9CA9455D16F85A6900D26C99 /* navibar_more_d@2x.png in Resources */,
				9CA9455E16F85A6900D26C99 /* navibar_more_n@2x.png in Resources */,
				9CA9455F16F85A6900D26C99 /* map@2x.png in Resources */,
				9CA9456016F85A6900D26C99 /* map_bg@2x.png in Resources */,
				9CA9456116F85A6900D26C99 /* side_album@2x.png in Resources */,
				9CA9456216F85A6900D26C99 /* side_arrow@2x.png in Resources */,
				9CA9456316F85A6900D26C99 /* side_bg@2x.png in Resources */,
				9CA9456416F85A6900D26C99 /* side_line@2x.png in Resources */,
				9CA9456516F85A6900D26C99 /* side_logo@2x.png in Resources */,
				9CA9456616F85A6900D26C99 /* side_scan@2x.png in Resources */,
				9CA9456716F85A6900D26C99 /* side_setting@2x.png in Resources */,
				9CA9456816F85A6900D26C99 /* Default-568h@2x.png in Resources */,
				9CA9456916F85A6900D26C99 /* Default@2x.png in Resources */,
				9CA9456A16F85A6900D26C99 /* Icon@2x.png in Resources */,
				9CA945B416F8643500D26C99 /* CHANGELOG.md in Resources */,
				9CA945B616F8643500D26C99 /* README.md in Resources */,
				9C92111A16FAFBE1005DD890 /* about@2x.png in Resources */,
				9C92111B16FAFBE1005DD890 /* favorites@2x.png in Resources */,
				9C92111C16FAFBE1005DD890 /* home@2x.png in Resources */,
				9C92111D16FAFBE1005DD890 /* search@2x.png in Resources */,
				9C92112A170000AA005DD890 /* music.mp3 in Resources */,
			);
			runOnlyForDeploymentPostprocessing = 0;
		};
/* End PBXResourcesBuildPhase section */

/* Begin PBXSourcesBuildPhase section */
		9CA944C916F8457F00D26C99 /* Sources */ = {
			isa = PBXSourcesBuildPhase;
			buildActionMask = 2147483647;
			files = (
				9CA944DD16F8457F00D26C99 /* main.m in Sources */,
				9CA944E116F8457F00D26C99 /* MLAppDelegate.m in Sources */,
				9CA9457F16F85DF200D26C99 /* NSManagedObjectContextAdditions.m in Sources */,
				9CA9458016F85DF200D26C99 /* NSPersistentStoreCoordinatorAdditions.m in Sources */,
				9CA9458116F85DF200D26C99 /* NSStringAdditions.m in Sources */,
				9CA9458216F85DF200D26C99 /* NSURLAdditions.m in Sources */,
				9CA9458316F85DF200D26C99 /* UIBarButtonItemAdditions.m in Sources */,
				9CA9458416F85DF200D26C99 /* UIColorAdditions.m in Sources */,
				9CA9458516F85DF200D26C99 /* UIDeviceAdditions.m in Sources */,
				9CA9458616F85DF200D26C99 /* UINavigationControllerAdditions.m in Sources */,
				9CA9458716F85DF200D26C99 /* UINavigationItemAdditions.m in Sources */,
				9CA945AA16F8643500D26C99 /* AFHTTPClient.m in Sources */,
				9CA945AB16F8643500D26C99 /* AFHTTPRequestOperation.m in Sources */,
				9CA945AC16F8643500D26C99 /* AFImageRequestOperation.m in Sources */,
				9CA945AD16F8643500D26C99 /* AFJSONRequestOperation.m in Sources */,
				9CA945AE16F8643500D26C99 /* AFJSONUtilities.m in Sources */,
				9CA945AF16F8643500D26C99 /* AFNetworkActivityIndicatorManager.m in Sources */,
				9CA945B016F8643500D26C99 /* AFPropertyListRequestOperation.m in Sources */,
				9CA945B116F8643500D26C99 /* AFURLConnectionOperation.m in Sources */,
				9CA945B216F8643500D26C99 /* AFXMLRequestOperation.m in Sources */,
				9CA945B316F8643500D26C99 /* UIImageView+AFNetworking.m in Sources */,
				9CA945B516F8643500D26C99 /* JSONKit.m in Sources */,
				9CA945B716F8643500D26C99 /* MBProgressHUD.m in Sources */,
				9CA945C116F86B5B00D26C99 /* MLSlpashViewController.m in Sources */,
				9CA945C716F86BE800D26C99 /* MLHomeViewController.m in Sources */,
				9CA945CA16F86BF200D26C99 /* MLSearchViewController.m in Sources */,
				9CA945CD16F86C0900D26C99 /* MLFavouritesViewController.m in Sources */,
				9CA945D016F86C1700D26C99 /* MLSettingViewController.m in Sources */,
				9CA945D316F86C5400D26C99 /* MLTabViewController.m in Sources */,
				9C92112016FC273D005DD890 /* Model.xcdatamodeld in Sources */,
				9C92112416FFEF8B005DD890 /* MLAudioPlay.m in Sources */,
				9C92112D17005201005DD890 /* MLAudioDownder.m in Sources */,
				9CA8250C170179B7004C805C /* MLLoginViewController.m in Sources */,
				9CA8250F170179DE004C805C /* MLRegisterViewController.m in Sources */,
				9CA8251317018BB7004C805C /* MLHTTPClient.m in Sources */,
				9CA825161703E2F4004C805C /* MLShopListViewController.m in Sources */,
				9CA825191703E320004C805C /* MLShopDetailViewController.m in Sources */,
				9CA8251C1703E51A004C805C /* MLShopMenuViewController.m in Sources */,
				9CA8251F1703E552004C805C /* MLShopOrderedMenuViewController.m in Sources */,
				9CA825221703EE14004C805C /* MLMapViewController.m in Sources */,
				9CA8252C17042654004C805C /* MLLanguageSelectViewController.m in Sources */,
				9CA8252F170426F9004C805C /* MLPersonalizedSettingViewController.m in Sources */,
				9CA8253217042B12004C805C /* MLSceneSelectViewController.m in Sources */,
				9CA8253517042DA2004C805C /* MLSentenceStudyViewController.m in Sources */,
				9CA8253817043FA5004C805C /* MLLocationManage.m in Sources */,
				9CA8253F170977D8004C805C /* MLAnnotation.m in Sources */,
				9CC44531170AB35600616859 /* MLPinAnnotationView.m in Sources */,
				9CC44535170AE25100616859 /* MLFileManage.m in Sources */,
			);
			runOnlyForDeploymentPostprocessing = 0;
		};
/* End PBXSourcesBuildPhase section */

/* Begin PBXVariantGroup section */
		9CA944D916F8457F00D26C99 /* InfoPlist.strings */ = {
			isa = PBXVariantGroup;
			children = (
				9CA944DA16F8457F00D26C99 /* en */,
			);
			name = InfoPlist.strings;
			sourceTree = "<group>";
		};
/* End PBXVariantGroup section */

/* Begin XCBuildConfiguration section */
		9CA944E816F8457F00D26C99 /* Debug */ = {
			isa = XCBuildConfiguration;
			buildSettings = {
				ALWAYS_SEARCH_USER_PATHS = NO;
				CLANG_CXX_LANGUAGE_STANDARD = "gnu++0x";
				CLANG_CXX_LIBRARY = "libc++";
				CLANG_WARN_CONSTANT_CONVERSION = YES;
				CLANG_WARN_EMPTY_BODY = YES;
				CLANG_WARN_ENUM_CONVERSION = YES;
				CLANG_WARN_INT_CONVERSION = YES;
				CLANG_WARN__DUPLICATE_METHOD_MATCH = YES;
				"CODE_SIGN_IDENTITY[sdk=iphoneos*]" = "iPhone Developer";
				COPY_PHASE_STRIP = NO;
				GCC_C_LANGUAGE_STANDARD = gnu99;
				GCC_DYNAMIC_NO_PIC = NO;
				GCC_OPTIMIZATION_LEVEL = 0;
				GCC_PREPROCESSOR_DEFINITIONS = (
					"DEBUG=1",
					"$(inherited)",
				);
				GCC_SYMBOLS_PRIVATE_EXTERN = NO;
				GCC_WARN_ABOUT_RETURN_TYPE = YES;
				GCC_WARN_UNINITIALIZED_AUTOS = YES;
				GCC_WARN_UNUSED_VARIABLE = YES;
				IPHONEOS_DEPLOYMENT_TARGET = 6.1;
				ONLY_ACTIVE_ARCH = YES;
				SDKROOT = iphoneos;
			};
			name = Debug;
		};
		9CA944E916F8457F00D26C99 /* Release */ = {
			isa = XCBuildConfiguration;
			buildSettings = {
				ALWAYS_SEARCH_USER_PATHS = NO;
				CLANG_CXX_LANGUAGE_STANDARD = "gnu++0x";
				CLANG_CXX_LIBRARY = "libc++";
				CLANG_WARN_CONSTANT_CONVERSION = YES;
				CLANG_WARN_EMPTY_BODY = YES;
				CLANG_WARN_ENUM_CONVERSION = YES;
				CLANG_WARN_INT_CONVERSION = YES;
				CLANG_WARN__DUPLICATE_METHOD_MATCH = YES;
				"CODE_SIGN_IDENTITY[sdk=iphoneos*]" = "iPhone Developer";
				COPY_PHASE_STRIP = YES;
				GCC_C_LANGUAGE_STANDARD = gnu99;
				GCC_WARN_ABOUT_RETURN_TYPE = YES;
				GCC_WARN_UNINITIALIZED_AUTOS = YES;
				GCC_WARN_UNUSED_VARIABLE = YES;
				IPHONEOS_DEPLOYMENT_TARGET = 6.1;
				OTHER_CFLAGS = "-DNS_BLOCK_ASSERTIONS=1";
				SDKROOT = iphoneos;
				VALIDATE_PRODUCT = YES;
			};
			name = Release;
		};
		9CA944EB16F8457F00D26C99 /* Debug */ = {
			isa = XCBuildConfiguration;
			buildSettings = {
				GCC_PRECOMPILE_PREFIX_HEADER = YES;
				GCC_PREFIX_HEADER = "Molearn/Molearn-Prefix.pch";
				INFOPLIST_FILE = "Molearn/Molearn-Info.plist";
				IPHONEOS_DEPLOYMENT_TARGET = 5.0;
				PRODUCT_NAME = "$(TARGET_NAME)";
				WRAPPER_EXTENSION = app;
			};
			name = Debug;
		};
		9CA944EC16F8457F00D26C99 /* Release */ = {
			isa = XCBuildConfiguration;
			buildSettings = {
				GCC_PRECOMPILE_PREFIX_HEADER = YES;
				GCC_PREFIX_HEADER = "Molearn/Molearn-Prefix.pch";
				INFOPLIST_FILE = "Molearn/Molearn-Info.plist";
				IPHONEOS_DEPLOYMENT_TARGET = 5.0;
				PRODUCT_NAME = "$(TARGET_NAME)";
				WRAPPER_EXTENSION = app;
			};
			name = Release;
		};
/* End XCBuildConfiguration section */

/* Begin XCConfigurationList section */
		9CA944C816F8457F00D26C99 /* Build configuration list for PBXProject "Molearn" */ = {
			isa = XCConfigurationList;
			buildConfigurations = (
				9CA944E816F8457F00D26C99 /* Debug */,
				9CA944E916F8457F00D26C99 /* Release */,
			);
			defaultConfigurationIsVisible = 0;
			defaultConfigurationName = Release;
		};
		9CA944EA16F8457F00D26C99 /* Build configuration list for PBXNativeTarget "Molearn" */ = {
			isa = XCConfigurationList;
			buildConfigurations = (
				9CA944EB16F8457F00D26C99 /* Debug */,
				9CA944EC16F8457F00D26C99 /* Release */,
			);
			defaultConfigurationIsVisible = 0;
			defaultConfigurationName = Release;
		};
/* End XCConfigurationList section */

/* Begin XCVersionGroup section */
		9C92111E16FC273D005DD890 /* Model.xcdatamodeld */ = {
			isa = XCVersionGroup;
			children = (
				9C92111F16FC273D005DD890 /* Model.xcdatamodel */,
			);
			currentVersion = 9C92111F16FC273D005DD890 /* Model.xcdatamodel */;
			path = Model.xcdatamodeld;
			sourceTree = "<group>";
			versionGroupType = wrapper.xcdatamodel;
		};
/* End XCVersionGroup section */
	};
	rootObject = 9CA944C516F8457F00D26C99 /* Project object */;
}
